// !$*UTF8*$!
{
	archiveVersion = 1;
	classes = {
	};
	objectVersion = 54;
	objects = {

/* Begin PBXBuildFile section */
		00E356F31AD99517003FC87E /* ReadLessTests.m in Sources */ = {isa = PBXBuildFile; fileRef = 00E356F21AD99517003FC87E /* ReadLessTests.m */; };
		010F0CE429E88D470064DD97 /* ReadLessWatchApp.swift in Sources */ = {isa = PBXBuildFile; fileRef = 010F0CE329E88D470064DD97 /* ReadLessWatchApp.swift */; };
		010F0CE629E88D470064DD97 /* ContentView.swift in Sources */ = {isa = PBXBuildFile; fileRef = 010F0CE529E88D470064DD97 /* ContentView.swift */; };
		010F0CE829E88D480064DD97 /* Assets.xcassets in Resources */ = {isa = PBXBuildFile; fileRef = 010F0CE729E88D480064DD97 /* Assets.xcassets */; };
		010F0CEB29E88D480064DD97 /* Preview Assets.xcassets in Resources */ = {isa = PBXBuildFile; fileRef = 010F0CEA29E88D480064DD97 /* Preview Assets.xcassets */; };
		010F0CF529E88D490064DD97 /* ReadLessWatch_Watch_AppTests.swift in Sources */ = {isa = PBXBuildFile; fileRef = 010F0CF429E88D490064DD97 /* ReadLessWatch_Watch_AppTests.swift */; };
		010F0CFF29E88D490064DD97 /* ReadLessWatch_Watch_AppUITests.swift in Sources */ = {isa = PBXBuildFile; fileRef = 010F0CFE29E88D490064DD97 /* ReadLessWatch_Watch_AppUITests.swift */; };
		010F0D0129E88D490064DD97 /* ReadLessWatch_Watch_AppUITestsLaunchTests.swift in Sources */ = {isa = PBXBuildFile; fileRef = 010F0D0029E88D490064DD97 /* ReadLessWatch_Watch_AppUITestsLaunchTests.swift */; };
		010F0D0429E88D490064DD97 /* Read Less.app in Embed Watch Content */ = {isa = PBXBuildFile; fileRef = 010F0CE129E88D470064DD97 /* Read Less.app */; settings = {ATTRIBUTES = (RemoveHeadersOnCopy, ); }; };
		010F0D5229E88EC40064DD97 /* PublicCategoryAttributes.swift in Sources */ = {isa = PBXBuildFile; fileRef = 010F0D2129E88EC40064DD97 /* PublicCategoryAttributes.swift */; };
		010F0D5629E88EC40064DD97 /* PublicSummaryAttributes.swift in Sources */ = {isa = PBXBuildFile; fileRef = 010F0D2529E88EC40064DD97 /* PublicSummaryAttributes.swift */; };
		010F0D5C29E88EC40064DD97 /* PublicOutletAttributes.swift in Sources */ = {isa = PBXBuildFile; fileRef = 010F0D2B29E88EC40064DD97 /* PublicOutletAttributes.swift */; };
		010F0D8129E89D770064DD97 /* Color.swift in Sources */ = {isa = PBXBuildFile; fileRef = 010F0D8029E89D770064DD97 /* Color.swift */; };
		0125BD3A29D791ED00EAC61C /* Fontisto.ttf in Resources */ = {isa = PBXBuildFile; fileRef = 0125BD1A29D791EC00EAC61C /* Fontisto.ttf */; };
		0125BD3C29D791ED00EAC61C /* Octicons.ttf in Resources */ = {isa = PBXBuildFile; fileRef = 0125BD1C29D791EC00EAC61C /* Octicons.ttf */; };
		0125BD3D29D791ED00EAC61C /* Feather.ttf in Resources */ = {isa = PBXBuildFile; fileRef = 0125BD1D29D791EC00EAC61C /* Feather.ttf */; };
		0125BD4029D791ED00EAC61C /* Entypo.ttf in Resources */ = {isa = PBXBuildFile; fileRef = 0125BD2029D791EC00EAC61C /* Entypo.ttf */; };
		0125BD4329D791ED00EAC61C /* FontAwesome5_Brands.ttf in Resources */ = {isa = PBXBuildFile; fileRef = 0125BD2329D791EC00EAC61C /* FontAwesome5_Brands.ttf */; };
		0125BD4429D791ED00EAC61C /* MaterialCommunityIcons.ttf in Resources */ = {isa = PBXBuildFile; fileRef = 0125BD2429D791EC00EAC61C /* MaterialCommunityIcons.ttf */; };
		0125BD4529D791ED00EAC61C /* AntDesign.ttf in Resources */ = {isa = PBXBuildFile; fileRef = 0125BD2529D791EC00EAC61C /* AntDesign.ttf */; };
		0125BD4929D791ED00EAC61C /* Foundation.ttf in Resources */ = {isa = PBXBuildFile; fileRef = 0125BD2929D791EC00EAC61C /* Foundation.ttf */; };
		0125BD4A29D791ED00EAC61C /* Ionicons.ttf in Resources */ = {isa = PBXBuildFile; fileRef = 0125BD2A29D791EC00EAC61C /* Ionicons.ttf */; };
		0125BD4B29D791ED00EAC61C /* FontAwesome5_Solid.ttf in Resources */ = {isa = PBXBuildFile; fileRef = 0125BD2B29D791EC00EAC61C /* FontAwesome5_Solid.ttf */; };
		0125BD4C29D791ED00EAC61C /* FontAwesome5_Regular.ttf in Resources */ = {isa = PBXBuildFile; fileRef = 0125BD2C29D791EC00EAC61C /* FontAwesome5_Regular.ttf */; };
		0125BD4F29D791ED00EAC61C /* FontAwesome.ttf in Resources */ = {isa = PBXBuildFile; fileRef = 0125BD2F29D791EC00EAC61C /* FontAwesome.ttf */; };
		0125BD5129D791ED00EAC61C /* Zocial.ttf in Resources */ = {isa = PBXBuildFile; fileRef = 0125BD3129D791EC00EAC61C /* Zocial.ttf */; };
		0125BD5229D791ED00EAC61C /* EvilIcons.ttf in Resources */ = {isa = PBXBuildFile; fileRef = 0125BD3229D791EC00EAC61C /* EvilIcons.ttf */; };
		0125BD5829D791ED00EAC61C /* SimpleLineIcons.ttf in Resources */ = {isa = PBXBuildFile; fileRef = 0125BD3829D791EC00EAC61C /* SimpleLineIcons.ttf */; };
		0125BD5929D791ED00EAC61C /* MaterialIcons.ttf in Resources */ = {isa = PBXBuildFile; fileRef = 0125BD3929D791EC00EAC61C /* MaterialIcons.ttf */; };
		013F32C329E8BA2E00CE8555 /* ConnectService.swift in Sources */ = {isa = PBXBuildFile; fileRef = 013F32C229E8BA2D00CE8555 /* ConnectService.swift */; };
		0143021C29FACEDC00D40293 /* FontAwesome5_Regular.ttf in Resources */ = {isa = PBXBuildFile; fileRef = 0125BD2C29D791EC00EAC61C /* FontAwesome5_Regular.ttf */; };
		0143021D29FACEDC00D40293 /* Zocial.ttf in Resources */ = {isa = PBXBuildFile; fileRef = 0125BD3129D791EC00EAC61C /* Zocial.ttf */; };
		0143021E29FACEDC00D40293 /* FontAwesome5_Solid.ttf in Resources */ = {isa = PBXBuildFile; fileRef = 0125BD2B29D791EC00EAC61C /* FontAwesome5_Solid.ttf */; };
		0143021F29FACEDC00D40293 /* AntDesign.ttf in Resources */ = {isa = PBXBuildFile; fileRef = 0125BD2529D791EC00EAC61C /* AntDesign.ttf */; };
		0143022029FACEDC00D40293 /* Fontisto.ttf in Resources */ = {isa = PBXBuildFile; fileRef = 0125BD1A29D791EC00EAC61C /* Fontisto.ttf */; };
		0143022129FACEDC00D40293 /* Ionicons.ttf in Resources */ = {isa = PBXBuildFile; fileRef = 0125BD2A29D791EC00EAC61C /* Ionicons.ttf */; };
		0143022229FACEDC00D40293 /* Entypo.ttf in Resources */ = {isa = PBXBuildFile; fileRef = 0125BD2029D791EC00EAC61C /* Entypo.ttf */; };
		0143022329FACEDC00D40293 /* Octicons.ttf in Resources */ = {isa = PBXBuildFile; fileRef = 0125BD1C29D791EC00EAC61C /* Octicons.ttf */; };
		0143022529FACEDC00D40293 /* EvilIcons.ttf in Resources */ = {isa = PBXBuildFile; fileRef = 0125BD3229D791EC00EAC61C /* EvilIcons.ttf */; };
		0143022629FACEDC00D40293 /* FontAwesome5_Brands.ttf in Resources */ = {isa = PBXBuildFile; fileRef = 0125BD2329D791EC00EAC61C /* FontAwesome5_Brands.ttf */; };
		0143022729FACEDC00D40293 /* SimpleLineIcons.ttf in Resources */ = {isa = PBXBuildFile; fileRef = 0125BD3829D791EC00EAC61C /* SimpleLineIcons.ttf */; };
		0143022829FACEDC00D40293 /* FontAwesome.ttf in Resources */ = {isa = PBXBuildFile; fileRef = 0125BD2F29D791EC00EAC61C /* FontAwesome.ttf */; };
		0143022929FACEDC00D40293 /* Foundation.ttf in Resources */ = {isa = PBXBuildFile; fileRef = 0125BD2929D791EC00EAC61C /* Foundation.ttf */; };
		0143022A29FACEDC00D40293 /* Feather.ttf in Resources */ = {isa = PBXBuildFile; fileRef = 0125BD1D29D791EC00EAC61C /* Feather.ttf */; };
		0143022B29FACEDC00D40293 /* MaterialCommunityIcons.ttf in Resources */ = {isa = PBXBuildFile; fileRef = 0125BD2429D791EC00EAC61C /* MaterialCommunityIcons.ttf */; };
		0143022E29FACEDC00D40293 /* MaterialIcons.ttf in Resources */ = {isa = PBXBuildFile; fileRef = 0125BD3929D791EC00EAC61C /* MaterialIcons.ttf */; };
		0150EA1A29EDD6C7004FBDFA /* Alegreya.otf in Resources */ = {isa = PBXBuildFile; fileRef = 0150EA1929EDD6C7004FBDFA /* Alegreya.otf */; };
		0150EA1B29EDD6C7004FBDFA /* Alegreya.otf in Resources */ = {isa = PBXBuildFile; fileRef = 0150EA1929EDD6C7004FBDFA /* Alegreya.otf */; };
		0150EA2029EE16D8004FBDFA /* Roboto.ttf in Resources */ = {isa = PBXBuildFile; fileRef = 0150EA1F29EE16D8004FBDFA /* Roboto.ttf */; };
		0150EA2129EE16D8004FBDFA /* Roboto.ttf in Resources */ = {isa = PBXBuildFile; fileRef = 0150EA1F29EE16D8004FBDFA /* Roboto.ttf */; };
		015A19D129EAEB1A0072EEE3 /* View.swift in Sources */ = {isa = PBXBuildFile; fileRef = 015A19D029EAEB1A0072EEE3 /* View.swift */; };
		018173BF29EA1842006D3509 /* PressActions.swift in Sources */ = {isa = PBXBuildFile; fileRef = 018173BE29EA1842006D3509 /* PressActions.swift */; };
		018173C129EA4529006D3509 /* SummaryCard.swift in Sources */ = {isa = PBXBuildFile; fileRef = 018173C029EA4529006D3509 /* SummaryCard.swift */; };
		018173C329EA4833006D3509 /* Date.swift in Sources */ = {isa = PBXBuildFile; fileRef = 018173C229EA4833006D3509 /* Date.swift */; };
		018CE3B029E98AB9005E6391 /* BulkResponse.swift in Sources */ = {isa = PBXBuildFile; fileRef = 018CE3AF29E98AB9005E6391 /* BulkResponse.swift */; };
		01BC567C29DCF36700C69F9A /* main.jsbundle in Resources */ = {isa = PBXBuildFile; fileRef = 01BC567B29DCF36700C69F9A /* main.jsbundle */; };
		07A1D8E328E1A8A03D5EA3A8 /* ExpoModulesProvider.swift in Sources */ = {isa = PBXBuildFile; fileRef = D8CAFCC9631D60DF42ACBD13 /* ExpoModulesProvider.swift */; };
		0C80B921A6F3F58F76C31292 /* libPods-ReadLess.a in Frameworks */ = {isa = PBXBuildFile; fileRef = 5DCACB8F33CDC322A6C60F78 /* libPods-ReadLess.a */; };
		13B07FBC1A68108700A75B9A /* AppDelegate.mm in Sources */ = {isa = PBXBuildFile; fileRef = 13B07FB01A68108700A75B9A /* AppDelegate.mm */; };
		13B07FBF1A68108700A75B9A /* Images.xcassets in Resources */ = {isa = PBXBuildFile; fileRef = 13B07FB51A68108700A75B9A /* Images.xcassets */; };
		13B07FC11A68108700A75B9A /* main.m in Sources */ = {isa = PBXBuildFile; fileRef = 13B07FB71A68108700A75B9A /* main.m */; };
		5FFC8B3A3B346CCC17615C08 /* ExpoModulesProvider.swift in Sources */ = {isa = PBXBuildFile; fileRef = FA5C7041D39DDE482042B57D /* ExpoModulesProvider.swift */; };
		7699B88040F8A987B510C191 /* libPods-ReadLess-ReadLessTests.a in Frameworks */ = {isa = PBXBuildFile; fileRef = 19F6CBCC0A4E27FBF8BF4A61 /* libPods-ReadLess-ReadLessTests.a */; };
		CD4AEB1E2A0D92DD0093B6D1 /* Faustina.ttf in Resources */ = {isa = PBXBuildFile; fileRef = CD4AEB1D2A0D92DD0093B6D1 /* Faustina.ttf */; };
		CD4AEB1F2A0D92DD0093B6D1 /* Faustina.ttf in Resources */ = {isa = PBXBuildFile; fileRef = CD4AEB1D2A0D92DD0093B6D1 /* Faustina.ttf */; };
		CD4AEB222A0D93180093B6D1 /* Manuale.ttf in Resources */ = {isa = PBXBuildFile; fileRef = CD4AEB212A0D93180093B6D1 /* Manuale.ttf */; };
		CD4AEB232A0D93180093B6D1 /* Manuale.ttf in Resources */ = {isa = PBXBuildFile; fileRef = CD4AEB212A0D93180093B6D1 /* Manuale.ttf */; };
		CD4AEB382A0D975C0093B6D1 /* FaustinaBold.ttf in Resources */ = {isa = PBXBuildFile; fileRef = CD4AEB352A0D975C0093B6D1 /* FaustinaBold.ttf */; };
		CD4AEB392A0D975C0093B6D1 /* FaustinaBold.ttf in Resources */ = {isa = PBXBuildFile; fileRef = CD4AEB352A0D975C0093B6D1 /* FaustinaBold.ttf */; };
		CD4AEB3B2A0D975C0093B6D1 /* FaustinaItalic.ttf in Resources */ = {isa = PBXBuildFile; fileRef = CD4AEB362A0D975C0093B6D1 /* FaustinaItalic.ttf */; };
		CD4AEB3C2A0D975C0093B6D1 /* FaustinaItalic.ttf in Resources */ = {isa = PBXBuildFile; fileRef = CD4AEB362A0D975C0093B6D1 /* FaustinaItalic.ttf */; };
		CD4AEB3E2A0D975C0093B6D1 /* FaustinaBoldItalic.ttf in Resources */ = {isa = PBXBuildFile; fileRef = CD4AEB372A0D975C0093B6D1 /* FaustinaBoldItalic.ttf */; };
		CD4AEB3F2A0D975C0093B6D1 /* FaustinaBoldItalic.ttf in Resources */ = {isa = PBXBuildFile; fileRef = CD4AEB372A0D975C0093B6D1 /* FaustinaBoldItalic.ttf */; };
		CD4AEB442A0D99780093B6D1 /* ManualeBold.ttf in Resources */ = {isa = PBXBuildFile; fileRef = CD4AEB412A0D99780093B6D1 /* ManualeBold.ttf */; };
		CD4AEB452A0D99780093B6D1 /* ManualeBold.ttf in Resources */ = {isa = PBXBuildFile; fileRef = CD4AEB412A0D99780093B6D1 /* ManualeBold.ttf */; };
		CD4AEB472A0D99780093B6D1 /* ManualeItalic.ttf in Resources */ = {isa = PBXBuildFile; fileRef = CD4AEB422A0D99780093B6D1 /* ManualeItalic.ttf */; };
		CD4AEB482A0D99780093B6D1 /* ManualeItalic.ttf in Resources */ = {isa = PBXBuildFile; fileRef = CD4AEB422A0D99780093B6D1 /* ManualeItalic.ttf */; };
		CD4AEB4A2A0D99780093B6D1 /* ManualeBoldItalic.ttf in Resources */ = {isa = PBXBuildFile; fileRef = CD4AEB432A0D99780093B6D1 /* ManualeBoldItalic.ttf */; };
		CD4AEB4B2A0D99780093B6D1 /* ManualeBoldItalic.ttf in Resources */ = {isa = PBXBuildFile; fileRef = CD4AEB432A0D99780093B6D1 /* ManualeBoldItalic.ttf */; };
		CD4AEB512A0D99D30093B6D1 /* LatoBold.ttf in Resources */ = {isa = PBXBuildFile; fileRef = CD4AEB4D2A0D99D30093B6D1 /* LatoBold.ttf */; };
		CD4AEB522A0D99D30093B6D1 /* LatoBold.ttf in Resources */ = {isa = PBXBuildFile; fileRef = CD4AEB4D2A0D99D30093B6D1 /* LatoBold.ttf */; };
		CD4AEB542A0D99D30093B6D1 /* LatoBoldItalic.ttf in Resources */ = {isa = PBXBuildFile; fileRef = CD4AEB4E2A0D99D30093B6D1 /* LatoBoldItalic.ttf */; };
		CD4AEB552A0D99D30093B6D1 /* LatoBoldItalic.ttf in Resources */ = {isa = PBXBuildFile; fileRef = CD4AEB4E2A0D99D30093B6D1 /* LatoBoldItalic.ttf */; };
		CD4AEB572A0D99D30093B6D1 /* LatoItalic.ttf in Resources */ = {isa = PBXBuildFile; fileRef = CD4AEB4F2A0D99D30093B6D1 /* LatoItalic.ttf */; };
		CD4AEB582A0D99D30093B6D1 /* LatoItalic.ttf in Resources */ = {isa = PBXBuildFile; fileRef = CD4AEB4F2A0D99D30093B6D1 /* LatoItalic.ttf */; };
		CD4AEB5A2A0D99D30093B6D1 /* Lato.ttf in Resources */ = {isa = PBXBuildFile; fileRef = CD4AEB502A0D99D30093B6D1 /* Lato.ttf */; };
		CD4AEB5B2A0D99D30093B6D1 /* Lato.ttf in Resources */ = {isa = PBXBuildFile; fileRef = CD4AEB502A0D99D30093B6D1 /* Lato.ttf */; };
		CD4AEB602A0D9D2C0093B6D1 /* AlegreyaBoldItalic.otf in Resources */ = {isa = PBXBuildFile; fileRef = CD4AEB5D2A0D9D2C0093B6D1 /* AlegreyaBoldItalic.otf */; };
		CD4AEB612A0D9D2C0093B6D1 /* AlegreyaBoldItalic.otf in Resources */ = {isa = PBXBuildFile; fileRef = CD4AEB5D2A0D9D2C0093B6D1 /* AlegreyaBoldItalic.otf */; };
		CD4AEB632A0D9D2C0093B6D1 /* AlegreyaItalic.otf in Resources */ = {isa = PBXBuildFile; fileRef = CD4AEB5E2A0D9D2C0093B6D1 /* AlegreyaItalic.otf */; };
		CD4AEB642A0D9D2C0093B6D1 /* AlegreyaItalic.otf in Resources */ = {isa = PBXBuildFile; fileRef = CD4AEB5E2A0D9D2C0093B6D1 /* AlegreyaItalic.otf */; };
		CD4AEB662A0D9D2C0093B6D1 /* AlegreyaBold.otf in Resources */ = {isa = PBXBuildFile; fileRef = CD4AEB5F2A0D9D2C0093B6D1 /* AlegreyaBold.otf */; };
		CD4AEB672A0D9D2C0093B6D1 /* AlegreyaBold.otf in Resources */ = {isa = PBXBuildFile; fileRef = CD4AEB5F2A0D9D2C0093B6D1 /* AlegreyaBold.otf */; };
		CD4AEB7D2A0D9D860093B6D1 /* DMSansBold.ttf in Resources */ = {isa = PBXBuildFile; fileRef = CD4AEB792A0D9D860093B6D1 /* DMSansBold.ttf */; };
		CD4AEB7E2A0D9D860093B6D1 /* DMSansBold.ttf in Resources */ = {isa = PBXBuildFile; fileRef = CD4AEB792A0D9D860093B6D1 /* DMSansBold.ttf */; };
		CD4AEB802A0D9D860093B6D1 /* DMSans.ttf in Resources */ = {isa = PBXBuildFile; fileRef = CD4AEB7A2A0D9D860093B6D1 /* DMSans.ttf */; };
		CD4AEB812A0D9D860093B6D1 /* DMSans.ttf in Resources */ = {isa = PBXBuildFile; fileRef = CD4AEB7A2A0D9D860093B6D1 /* DMSans.ttf */; };
		CD4AEB832A0D9D860093B6D1 /* DMSansBoldItalic.ttf in Resources */ = {isa = PBXBuildFile; fileRef = CD4AEB7B2A0D9D860093B6D1 /* DMSansBoldItalic.ttf */; };
		CD4AEB842A0D9D860093B6D1 /* DMSansBoldItalic.ttf in Resources */ = {isa = PBXBuildFile; fileRef = CD4AEB7B2A0D9D860093B6D1 /* DMSansBoldItalic.ttf */; };
		CD4AEB862A0D9D860093B6D1 /* DMSansItalic.ttf in Resources */ = {isa = PBXBuildFile; fileRef = CD4AEB7C2A0D9D860093B6D1 /* DMSansItalic.ttf */; };
		CD4AEB872A0D9D860093B6D1 /* DMSansItalic.ttf in Resources */ = {isa = PBXBuildFile; fileRef = CD4AEB7C2A0D9D860093B6D1 /* DMSansItalic.ttf */; };
		CDEE16182A1B9CCA00E15B10 /* LaunchScreen.storyboard in Resources */ = {isa = PBXBuildFile; fileRef = CDEE161A2A1B9CCA00E15B10 /* LaunchScreen.storyboard */; };
		CDEE16532A1BA12200E15B10 /* PublicTranslationAttributes.swift in Sources */ = {isa = PBXBuildFile; fileRef = CDEE16512A1BA12200E15B10 /* PublicTranslationAttributes.swift */; };
/* End PBXBuildFile section */

/* Begin PBXContainerItemProxy section */
		00E356F41AD99517003FC87E /* PBXContainerItemProxy */ = {
			isa = PBXContainerItemProxy;
			containerPortal = 83CBB9F71A601CBA00E9B192 /* Project object */;
			proxyType = 1;
			remoteGlobalIDString = 13B07F861A680F5B00A75B9A;
			remoteInfo = ReadLess;
		};
		010F0CF129E88D490064DD97 /* PBXContainerItemProxy */ = {
			isa = PBXContainerItemProxy;
			containerPortal = 83CBB9F71A601CBA00E9B192 /* Project object */;
			proxyType = 1;
			remoteGlobalIDString = 010F0CE029E88D470064DD97;
			remoteInfo = "ReadLessWatch Watch App";
		};
		010F0CFB29E88D490064DD97 /* PBXContainerItemProxy */ = {
			isa = PBXContainerItemProxy;
			containerPortal = 83CBB9F71A601CBA00E9B192 /* Project object */;
			proxyType = 1;
			remoteGlobalIDString = 010F0CE029E88D470064DD97;
			remoteInfo = "ReadLessWatch Watch App";
		};
		010F0D0229E88D490064DD97 /* PBXContainerItemProxy */ = {
			isa = PBXContainerItemProxy;
			containerPortal = 83CBB9F71A601CBA00E9B192 /* Project object */;
			proxyType = 1;
			remoteGlobalIDString = 010F0CE029E88D470064DD97;
			remoteInfo = "ReadLessWatch Watch App";
		};
/* End PBXContainerItemProxy section */

/* Begin PBXCopyFilesBuildPhase section */
		01F6EA7829E6FA3C00F51BBA /* Embed Watch Content */ = {
			isa = PBXCopyFilesBuildPhase;
			buildActionMask = 2147483647;
			dstPath = "$(CONTENTS_FOLDER_PATH)/Watch";
			dstSubfolderSpec = 16;
			files = (
				010F0D0429E88D490064DD97 /* Read Less.app in Embed Watch Content */,
			);
			name = "Embed Watch Content";
			runOnlyForDeploymentPostprocessing = 0;
		};
		CD6345222A192BF100CB264B /* Embed Foundation Extensions */ = {
			isa = PBXCopyFilesBuildPhase;
			buildActionMask = 2147483647;
			dstPath = "";
			dstSubfolderSpec = 13;
			files = (
			);
			name = "Embed Foundation Extensions";
			runOnlyForDeploymentPostprocessing = 0;
		};
/* End PBXCopyFilesBuildPhase section */

/* Begin PBXFileReference section */
		00E356EE1AD99517003FC87E /* ReadLessTests.xctest */ = {isa = PBXFileReference; explicitFileType = wrapper.cfbundle; includeInIndex = 0; path = ReadLessTests.xctest; sourceTree = BUILT_PRODUCTS_DIR; };
		00E356F11AD99517003FC87E /* Info.plist */ = {isa = PBXFileReference; lastKnownFileType = text.plist.xml; path = Info.plist; sourceTree = "<group>"; };
		00E356F21AD99517003FC87E /* ReadLessTests.m */ = {isa = PBXFileReference; lastKnownFileType = sourcecode.c.objc; path = ReadLessTests.m; sourceTree = "<group>"; };
		010F0CE129E88D470064DD97 /* Read Less.app */ = {isa = PBXFileReference; explicitFileType = wrapper.application; includeInIndex = 0; path = "Read Less.app"; sourceTree = BUILT_PRODUCTS_DIR; };
		010F0CE329E88D470064DD97 /* ReadLessWatchApp.swift */ = {isa = PBXFileReference; lastKnownFileType = sourcecode.swift; path = ReadLessWatchApp.swift; sourceTree = "<group>"; };
		010F0CE529E88D470064DD97 /* ContentView.swift */ = {isa = PBXFileReference; lastKnownFileType = sourcecode.swift; path = ContentView.swift; sourceTree = "<group>"; };
		010F0CE729E88D480064DD97 /* Assets.xcassets */ = {isa = PBXFileReference; lastKnownFileType = folder.assetcatalog; path = Assets.xcassets; sourceTree = "<group>"; };
		010F0CEA29E88D480064DD97 /* Preview Assets.xcassets */ = {isa = PBXFileReference; lastKnownFileType = folder.assetcatalog; path = "Preview Assets.xcassets"; sourceTree = "<group>"; };
		010F0CF029E88D490064DD97 /* ReadLessWatch Watch AppTests.xctest */ = {isa = PBXFileReference; explicitFileType = wrapper.cfbundle; includeInIndex = 0; path = "ReadLessWatch Watch AppTests.xctest"; sourceTree = BUILT_PRODUCTS_DIR; };
		010F0CF429E88D490064DD97 /* ReadLessWatch_Watch_AppTests.swift */ = {isa = PBXFileReference; lastKnownFileType = sourcecode.swift; path = ReadLessWatch_Watch_AppTests.swift; sourceTree = "<group>"; };
		010F0CFA29E88D490064DD97 /* ReadLessWatch Watch AppUITests.xctest */ = {isa = PBXFileReference; explicitFileType = wrapper.cfbundle; includeInIndex = 0; path = "ReadLessWatch Watch AppUITests.xctest"; sourceTree = BUILT_PRODUCTS_DIR; };
		010F0CFE29E88D490064DD97 /* ReadLessWatch_Watch_AppUITests.swift */ = {isa = PBXFileReference; lastKnownFileType = sourcecode.swift; path = ReadLessWatch_Watch_AppUITests.swift; sourceTree = "<group>"; };
		010F0D0029E88D490064DD97 /* ReadLessWatch_Watch_AppUITestsLaunchTests.swift */ = {isa = PBXFileReference; lastKnownFileType = sourcecode.swift; path = ReadLessWatch_Watch_AppUITestsLaunchTests.swift; sourceTree = "<group>"; };
		010F0D2129E88EC40064DD97 /* PublicCategoryAttributes.swift */ = {isa = PBXFileReference; fileEncoding = 4; lastKnownFileType = sourcecode.swift; path = PublicCategoryAttributes.swift; sourceTree = "<group>"; };
		010F0D2529E88EC40064DD97 /* PublicSummaryAttributes.swift */ = {isa = PBXFileReference; fileEncoding = 4; lastKnownFileType = sourcecode.swift; path = PublicSummaryAttributes.swift; sourceTree = "<group>"; };
		010F0D2B29E88EC40064DD97 /* PublicOutletAttributes.swift */ = {isa = PBXFileReference; fileEncoding = 4; lastKnownFileType = sourcecode.swift; path = PublicOutletAttributes.swift; sourceTree = "<group>"; };
		010F0D8029E89D770064DD97 /* Color.swift */ = {isa = PBXFileReference; lastKnownFileType = sourcecode.swift; path = Color.swift; sourceTree = "<group>"; };
		0125BD1829D791EC00EAC61C /* ReadLess.entitlements */ = {isa = PBXFileReference; fileEncoding = 4; lastKnownFileType = text.plist.entitlements; name = ReadLess.entitlements; path = ReadLess/ReadLess.entitlements; sourceTree = "<group>"; };
		0125BD1A29D791EC00EAC61C /* Fontisto.ttf */ = {isa = PBXFileReference; lastKnownFileType = file; path = Fontisto.ttf; sourceTree = "<group>"; };
		0125BD1C29D791EC00EAC61C /* Octicons.ttf */ = {isa = PBXFileReference; lastKnownFileType = file; path = Octicons.ttf; sourceTree = "<group>"; };
		0125BD1D29D791EC00EAC61C /* Feather.ttf */ = {isa = PBXFileReference; lastKnownFileType = file; path = Feather.ttf; sourceTree = "<group>"; };
		0125BD2029D791EC00EAC61C /* Entypo.ttf */ = {isa = PBXFileReference; lastKnownFileType = file; path = Entypo.ttf; sourceTree = "<group>"; };
		0125BD2329D791EC00EAC61C /* FontAwesome5_Brands.ttf */ = {isa = PBXFileReference; lastKnownFileType = file; path = FontAwesome5_Brands.ttf; sourceTree = "<group>"; };
		0125BD2429D791EC00EAC61C /* MaterialCommunityIcons.ttf */ = {isa = PBXFileReference; lastKnownFileType = file; path = MaterialCommunityIcons.ttf; sourceTree = "<group>"; };
		0125BD2529D791EC00EAC61C /* AntDesign.ttf */ = {isa = PBXFileReference; lastKnownFileType = file; path = AntDesign.ttf; sourceTree = "<group>"; };
		0125BD2929D791EC00EAC61C /* Foundation.ttf */ = {isa = PBXFileReference; lastKnownFileType = file; path = Foundation.ttf; sourceTree = "<group>"; };
		0125BD2A29D791EC00EAC61C /* Ionicons.ttf */ = {isa = PBXFileReference; lastKnownFileType = file; path = Ionicons.ttf; sourceTree = "<group>"; };
		0125BD2B29D791EC00EAC61C /* FontAwesome5_Solid.ttf */ = {isa = PBXFileReference; lastKnownFileType = file; path = FontAwesome5_Solid.ttf; sourceTree = "<group>"; };
		0125BD2C29D791EC00EAC61C /* FontAwesome5_Regular.ttf */ = {isa = PBXFileReference; lastKnownFileType = file; path = FontAwesome5_Regular.ttf; sourceTree = "<group>"; };
		0125BD2F29D791EC00EAC61C /* FontAwesome.ttf */ = {isa = PBXFileReference; lastKnownFileType = file; path = FontAwesome.ttf; sourceTree = "<group>"; };
		0125BD3129D791EC00EAC61C /* Zocial.ttf */ = {isa = PBXFileReference; lastKnownFileType = file; path = Zocial.ttf; sourceTree = "<group>"; };
		0125BD3229D791EC00EAC61C /* EvilIcons.ttf */ = {isa = PBXFileReference; lastKnownFileType = file; path = EvilIcons.ttf; sourceTree = "<group>"; };
		0125BD3829D791EC00EAC61C /* SimpleLineIcons.ttf */ = {isa = PBXFileReference; lastKnownFileType = file; path = SimpleLineIcons.ttf; sourceTree = "<group>"; };
		0125BD3929D791EC00EAC61C /* MaterialIcons.ttf */ = {isa = PBXFileReference; lastKnownFileType = file; path = MaterialIcons.ttf; sourceTree = "<group>"; };
		013F32C229E8BA2D00CE8555 /* ConnectService.swift */ = {isa = PBXFileReference; lastKnownFileType = sourcecode.swift; path = ConnectService.swift; sourceTree = "<group>"; };
		0150ACA429F9577400875CF7 /* WidgetKit.framework */ = {isa = PBXFileReference; lastKnownFileType = wrapper.framework; name = WidgetKit.framework; path = System/Library/Frameworks/WidgetKit.framework; sourceTree = SDKROOT; };
		0150ACA629F9577400875CF7 /* SwiftUI.framework */ = {isa = PBXFileReference; lastKnownFileType = wrapper.framework; name = SwiftUI.framework; path = System/Library/Frameworks/SwiftUI.framework; sourceTree = SDKROOT; };
		0150EA1929EDD6C7004FBDFA /* Alegreya.otf */ = {isa = PBXFileReference; lastKnownFileType = file; path = Alegreya.otf; sourceTree = "<group>"; };
		0150EA1F29EE16D8004FBDFA /* Roboto.ttf */ = {isa = PBXFileReference; lastKnownFileType = file; path = Roboto.ttf; sourceTree = "<group>"; };
		015A19D029EAEB1A0072EEE3 /* View.swift */ = {isa = PBXFileReference; lastKnownFileType = sourcecode.swift; path = View.swift; sourceTree = "<group>"; };
		018173BE29EA1842006D3509 /* PressActions.swift */ = {isa = PBXFileReference; lastKnownFileType = sourcecode.swift; path = PressActions.swift; sourceTree = "<group>"; };
		018173C029EA4529006D3509 /* SummaryCard.swift */ = {isa = PBXFileReference; lastKnownFileType = sourcecode.swift; path = SummaryCard.swift; sourceTree = "<group>"; };
		018173C229EA4833006D3509 /* Date.swift */ = {isa = PBXFileReference; lastKnownFileType = sourcecode.swift; path = Date.swift; sourceTree = "<group>"; };
		018CE3AD29E9892B005E6391 /* ReadLessWatch-Watch-App-Info.plist */ = {isa = PBXFileReference; lastKnownFileType = text.plist; path = "ReadLessWatch-Watch-App-Info.plist"; sourceTree = SOURCE_ROOT; };
		018CE3AE29E989F5005E6391 /* ReadLessWatch Watch App.entitlements */ = {isa = PBXFileReference; lastKnownFileType = text.plist.entitlements; path = "ReadLessWatch Watch App.entitlements"; sourceTree = "<group>"; };
		018CE3AF29E98AB9005E6391 /* BulkResponse.swift */ = {isa = PBXFileReference; lastKnownFileType = sourcecode.swift; path = BulkResponse.swift; sourceTree = "<group>"; };
		01BC567B29DCF36700C69F9A /* main.jsbundle */ = {isa = PBXFileReference; fileEncoding = 4; lastKnownFileType = text; name = main.jsbundle; path = ReadLess/main.jsbundle; sourceTree = "<group>"; };
		13B07F961A680F5B00A75B9A /* ReadLess.app */ = {isa = PBXFileReference; explicitFileType = wrapper.application; includeInIndex = 0; path = ReadLess.app; sourceTree = BUILT_PRODUCTS_DIR; };
		13B07FAF1A68108700A75B9A /* AppDelegate.h */ = {isa = PBXFileReference; fileEncoding = 4; lastKnownFileType = sourcecode.c.h; name = AppDelegate.h; path = ReadLess/AppDelegate.h; sourceTree = "<group>"; };
		13B07FB01A68108700A75B9A /* AppDelegate.mm */ = {isa = PBXFileReference; fileEncoding = 4; lastKnownFileType = sourcecode.cpp.objcpp; name = AppDelegate.mm; path = ReadLess/AppDelegate.mm; sourceTree = "<group>"; };
		13B07FB51A68108700A75B9A /* Images.xcassets */ = {isa = PBXFileReference; lastKnownFileType = folder.assetcatalog; name = Images.xcassets; path = ReadLess/Images.xcassets; sourceTree = "<group>"; };
		13B07FB71A68108700A75B9A /* main.m */ = {isa = PBXFileReference; fileEncoding = 4; lastKnownFileType = sourcecode.c.objc; name = main.m; path = ReadLess/main.m; sourceTree = "<group>"; };
		19F6CBCC0A4E27FBF8BF4A61 /* libPods-ReadLess-ReadLessTests.a */ = {isa = PBXFileReference; explicitFileType = archive.ar; includeInIndex = 0; path = "libPods-ReadLess-ReadLessTests.a"; sourceTree = BUILT_PRODUCTS_DIR; };
		3B4392A12AC88292D35C810B /* Pods-ReadLess.debug.xcconfig */ = {isa = PBXFileReference; includeInIndex = 1; lastKnownFileType = text.xcconfig; name = "Pods-ReadLess.debug.xcconfig"; path = "Target Support Files/Pods-ReadLess/Pods-ReadLess.debug.xcconfig"; sourceTree = "<group>"; };
		5709B34CF0A7D63546082F79 /* Pods-ReadLess.release.xcconfig */ = {isa = PBXFileReference; includeInIndex = 1; lastKnownFileType = text.xcconfig; name = "Pods-ReadLess.release.xcconfig"; path = "Target Support Files/Pods-ReadLess/Pods-ReadLess.release.xcconfig"; sourceTree = "<group>"; };
		5B7EB9410499542E8C5724F5 /* Pods-ReadLess-ReadLessTests.debug.xcconfig */ = {isa = PBXFileReference; includeInIndex = 1; lastKnownFileType = text.xcconfig; name = "Pods-ReadLess-ReadLessTests.debug.xcconfig"; path = "Target Support Files/Pods-ReadLess-ReadLessTests/Pods-ReadLess-ReadLessTests.debug.xcconfig"; sourceTree = "<group>"; };
		5DCACB8F33CDC322A6C60F78 /* libPods-ReadLess.a */ = {isa = PBXFileReference; explicitFileType = archive.ar; includeInIndex = 0; path = "libPods-ReadLess.a"; sourceTree = BUILT_PRODUCTS_DIR; };
		89C6BE57DB24E9ADA2F236DE /* Pods-ReadLess-ReadLessTests.release.xcconfig */ = {isa = PBXFileReference; includeInIndex = 1; lastKnownFileType = text.xcconfig; name = "Pods-ReadLess-ReadLessTests.release.xcconfig"; path = "Target Support Files/Pods-ReadLess-ReadLessTests/Pods-ReadLess-ReadLessTests.release.xcconfig"; sourceTree = "<group>"; };
		CD0695912A1BD9DC005C0208 /* Info.plist */ = {isa = PBXFileReference; fileEncoding = 4; lastKnownFileType = text.plist.xml; path = Info.plist; sourceTree = "<group>"; };
		CD4AEB1D2A0D92DD0093B6D1 /* Faustina.ttf */ = {isa = PBXFileReference; lastKnownFileType = file; path = Faustina.ttf; sourceTree = "<group>"; };
		CD4AEB212A0D93180093B6D1 /* Manuale.ttf */ = {isa = PBXFileReference; lastKnownFileType = file; path = Manuale.ttf; sourceTree = "<group>"; };
		CD4AEB352A0D975C0093B6D1 /* FaustinaBold.ttf */ = {isa = PBXFileReference; lastKnownFileType = file; path = FaustinaBold.ttf; sourceTree = "<group>"; };
		CD4AEB362A0D975C0093B6D1 /* FaustinaItalic.ttf */ = {isa = PBXFileReference; lastKnownFileType = file; path = FaustinaItalic.ttf; sourceTree = "<group>"; };
		CD4AEB372A0D975C0093B6D1 /* FaustinaBoldItalic.ttf */ = {isa = PBXFileReference; lastKnownFileType = file; path = FaustinaBoldItalic.ttf; sourceTree = "<group>"; };
		CD4AEB412A0D99780093B6D1 /* ManualeBold.ttf */ = {isa = PBXFileReference; lastKnownFileType = file; path = ManualeBold.ttf; sourceTree = "<group>"; };
		CD4AEB422A0D99780093B6D1 /* ManualeItalic.ttf */ = {isa = PBXFileReference; lastKnownFileType = file; path = ManualeItalic.ttf; sourceTree = "<group>"; };
		CD4AEB432A0D99780093B6D1 /* ManualeBoldItalic.ttf */ = {isa = PBXFileReference; lastKnownFileType = file; path = ManualeBoldItalic.ttf; sourceTree = "<group>"; };
		CD4AEB4D2A0D99D30093B6D1 /* LatoBold.ttf */ = {isa = PBXFileReference; lastKnownFileType = file; path = LatoBold.ttf; sourceTree = "<group>"; };
		CD4AEB4E2A0D99D30093B6D1 /* LatoBoldItalic.ttf */ = {isa = PBXFileReference; lastKnownFileType = file; path = LatoBoldItalic.ttf; sourceTree = "<group>"; };
		CD4AEB4F2A0D99D30093B6D1 /* LatoItalic.ttf */ = {isa = PBXFileReference; lastKnownFileType = file; path = LatoItalic.ttf; sourceTree = "<group>"; };
		CD4AEB502A0D99D30093B6D1 /* Lato.ttf */ = {isa = PBXFileReference; lastKnownFileType = file; path = Lato.ttf; sourceTree = "<group>"; };
		CD4AEB5D2A0D9D2C0093B6D1 /* AlegreyaBoldItalic.otf */ = {isa = PBXFileReference; lastKnownFileType = file; path = AlegreyaBoldItalic.otf; sourceTree = "<group>"; };
		CD4AEB5E2A0D9D2C0093B6D1 /* AlegreyaItalic.otf */ = {isa = PBXFileReference; lastKnownFileType = file; path = AlegreyaItalic.otf; sourceTree = "<group>"; };
		CD4AEB5F2A0D9D2C0093B6D1 /* AlegreyaBold.otf */ = {isa = PBXFileReference; lastKnownFileType = file; path = AlegreyaBold.otf; sourceTree = "<group>"; };
		CD4AEB792A0D9D860093B6D1 /* DMSansBold.ttf */ = {isa = PBXFileReference; lastKnownFileType = file; path = DMSansBold.ttf; sourceTree = "<group>"; };
		CD4AEB7A2A0D9D860093B6D1 /* DMSans.ttf */ = {isa = PBXFileReference; lastKnownFileType = file; path = DMSans.ttf; sourceTree = "<group>"; };
		CD4AEB7B2A0D9D860093B6D1 /* DMSansBoldItalic.ttf */ = {isa = PBXFileReference; lastKnownFileType = file; path = DMSansBoldItalic.ttf; sourceTree = "<group>"; };
		CD4AEB7C2A0D9D860093B6D1 /* DMSansItalic.ttf */ = {isa = PBXFileReference; lastKnownFileType = file; path = DMSansItalic.ttf; sourceTree = "<group>"; };
		CD6CC2102A216147008B82AA /* Base */ = {isa = PBXFileReference; lastKnownFileType = text.plist.strings; name = Base; path = Base.lproj/LaunchScreen.strings; sourceTree = "<group>"; };
		CD6CC2122A216148008B82AA /* ar */ = {isa = PBXFileReference; lastKnownFileType = text.plist.strings; name = ar; path = ar.lproj/LaunchScreen.strings; sourceTree = "<group>"; };
		CD6CC2142A216149008B82AA /* zh */ = {isa = PBXFileReference; lastKnownFileType = text.plist.strings; name = zh; path = zh.lproj/LaunchScreen.strings; sourceTree = "<group>"; };
		CD6CC2162A21614A008B82AA /* zh-HK */ = {isa = PBXFileReference; lastKnownFileType = text.plist.strings; name = "zh-HK"; path = "zh-HK.lproj/LaunchScreen.strings"; sourceTree = "<group>"; };
		CD6CC2182A21614A008B82AA /* zh-Hans */ = {isa = PBXFileReference; lastKnownFileType = text.plist.strings; name = "zh-Hans"; path = "zh-Hans.lproj/LaunchScreen.strings"; sourceTree = "<group>"; };
		CD6CC21A2A21614B008B82AA /* zh-Hans-CN */ = {isa = PBXFileReference; lastKnownFileType = text.plist.strings; name = "zh-Hans-CN"; path = "zh-Hans-CN.lproj/LaunchScreen.strings"; sourceTree = "<group>"; };
		CD6CC21C2A21614B008B82AA /* zh-Hant */ = {isa = PBXFileReference; lastKnownFileType = text.plist.strings; name = "zh-Hant"; path = "zh-Hant.lproj/LaunchScreen.strings"; sourceTree = "<group>"; };
		CD6CC21E2A21614B008B82AA /* zh-Hant-TW */ = {isa = PBXFileReference; lastKnownFileType = text.plist.strings; name = "zh-Hant-TW"; path = "zh-Hant-TW.lproj/LaunchScreen.strings"; sourceTree = "<group>"; };
		CD6CC2202A21614C008B82AA /* en-AU */ = {isa = PBXFileReference; lastKnownFileType = text.plist.strings; name = "en-AU"; path = "en-AU.lproj/LaunchScreen.strings"; sourceTree = "<group>"; };
		CD6CC2222A21614C008B82AA /* en-IN */ = {isa = PBXFileReference; lastKnownFileType = text.plist.strings; name = "en-IN"; path = "en-IN.lproj/LaunchScreen.strings"; sourceTree = "<group>"; };
		CD6CC2242A21614D008B82AA /* en-GB */ = {isa = PBXFileReference; lastKnownFileType = text.plist.strings; name = "en-GB"; path = "en-GB.lproj/LaunchScreen.strings"; sourceTree = "<group>"; };
		CD6CC2262A21614D008B82AA /* fr */ = {isa = PBXFileReference; lastKnownFileType = text.plist.strings; name = fr; path = fr.lproj/LaunchScreen.strings; sourceTree = "<group>"; };
		CD6CC2282A21614E008B82AA /* fr-CA */ = {isa = PBXFileReference; lastKnownFileType = text.plist.strings; name = "fr-CA"; path = "fr-CA.lproj/LaunchScreen.strings"; sourceTree = "<group>"; };
		CD6CC22A2A21614E008B82AA /* de */ = {isa = PBXFileReference; lastKnownFileType = text.plist.strings; name = de; path = de.lproj/LaunchScreen.strings; sourceTree = "<group>"; };
		CD6CC22C2A21614E008B82AA /* hu */ = {isa = PBXFileReference; lastKnownFileType = text.plist.strings; name = hu; path = hu.lproj/LaunchScreen.strings; sourceTree = "<group>"; };
		CD6CC22E2A21614F008B82AA /* it */ = {isa = PBXFileReference; lastKnownFileType = text.plist.strings; name = it; path = it.lproj/LaunchScreen.strings; sourceTree = "<group>"; };
		CD6CC2302A21614F008B82AA /* ja */ = {isa = PBXFileReference; lastKnownFileType = text.plist.strings; name = ja; path = ja.lproj/LaunchScreen.strings; sourceTree = "<group>"; };
		CD6CC2322A216150008B82AA /* it-IT */ = {isa = PBXFileReference; lastKnownFileType = text.plist.strings; name = "it-IT"; path = "it-IT.lproj/LaunchScreen.strings"; sourceTree = "<group>"; };
		CD6CC2342A216151008B82AA /* ko */ = {isa = PBXFileReference; lastKnownFileType = text.plist.strings; name = ko; path = ko.lproj/LaunchScreen.strings; sourceTree = "<group>"; };
		CD6CC2362A216151008B82AA /* nb */ = {isa = PBXFileReference; lastKnownFileType = text.plist.strings; name = nb; path = nb.lproj/LaunchScreen.strings; sourceTree = "<group>"; };
		CD6CC2382A216151008B82AA /* pt-BR */ = {isa = PBXFileReference; lastKnownFileType = text.plist.strings; name = "pt-BR"; path = "pt-BR.lproj/LaunchScreen.strings"; sourceTree = "<group>"; };
		CD6CC23A2A216152008B82AA /* pt-PT */ = {isa = PBXFileReference; lastKnownFileType = text.plist.strings; name = "pt-PT"; path = "pt-PT.lproj/LaunchScreen.strings"; sourceTree = "<group>"; };
		CD6CC23C2A216153008B82AA /* ru */ = {isa = PBXFileReference; lastKnownFileType = text.plist.strings; name = ru; path = ru.lproj/LaunchScreen.strings; sourceTree = "<group>"; };
		CD6CC23E2A216154008B82AA /* es */ = {isa = PBXFileReference; lastKnownFileType = text.plist.strings; name = es; path = es.lproj/LaunchScreen.strings; sourceTree = "<group>"; };
		CD6CC2402A216154008B82AA /* th */ = {isa = PBXFileReference; lastKnownFileType = text.plist.strings; name = th; path = th.lproj/LaunchScreen.strings; sourceTree = "<group>"; };
		CD6CC2422A216154008B82AA /* uk */ = {isa = PBXFileReference; lastKnownFileType = text.plist.strings; name = uk; path = uk.lproj/LaunchScreen.strings; sourceTree = "<group>"; };
		CD6CC2442A216155008B82AA /* vi */ = {isa = PBXFileReference; lastKnownFileType = text.plist.strings; name = vi; path = vi.lproj/LaunchScreen.strings; sourceTree = "<group>"; };
		CD6CC2452A21615C008B82AA /* cs */ = {isa = PBXFileReference; lastKnownFileType = text.plist.strings; name = cs; path = cs.lproj/LaunchScreen.strings; sourceTree = "<group>"; };
		CD6CC2462A216246008B82AA /* tr */ = {isa = PBXFileReference; lastKnownFileType = text.plist.strings; name = tr; path = tr.lproj/LaunchScreen.strings; sourceTree = "<group>"; };
		CD6CC2472A21625F008B82AA /* hi */ = {isa = PBXFileReference; lastKnownFileType = text.plist.strings; name = hi; path = hi.lproj/LaunchScreen.strings; sourceTree = "<group>"; };
		CD6CC2482A2162F0008B82AA /* sv */ = {isa = PBXFileReference; lastKnownFileType = text.plist.strings; name = sv; path = sv.lproj/LaunchScreen.strings; sourceTree = "<group>"; };
		CD6CC2492A21633D008B82AA /* id */ = {isa = PBXFileReference; lastKnownFileType = text.plist.strings; name = id; path = id.lproj/LaunchScreen.strings; sourceTree = "<group>"; };
		CD6CC24A2A216363008B82AA /* ro */ = {isa = PBXFileReference; lastKnownFileType = text.plist.strings; name = ro; path = ro.lproj/LaunchScreen.strings; sourceTree = "<group>"; };
		CD6CC24B2A21638C008B82AA /* da */ = {isa = PBXFileReference; lastKnownFileType = text.plist.strings; name = da; path = da.lproj/LaunchScreen.strings; sourceTree = "<group>"; };
		CD6CC24C2A2163AE008B82AA /* he */ = {isa = PBXFileReference; lastKnownFileType = text.plist.strings; name = he; path = he.lproj/LaunchScreen.strings; sourceTree = "<group>"; };
		CD6CC24D2A2163F2008B82AA /* hr */ = {isa = PBXFileReference; lastKnownFileType = text.plist.strings; name = hr; path = hr.lproj/LaunchScreen.strings; sourceTree = "<group>"; };
		CD6CC24E2A216421008B82AA /* nl */ = {isa = PBXFileReference; lastKnownFileType = text.plist.strings; name = nl; path = nl.lproj/LaunchScreen.strings; sourceTree = "<group>"; };
		CD6CC24F2A21644F008B82AA /* fi */ = {isa = PBXFileReference; lastKnownFileType = text.plist.strings; name = fi; path = fi.lproj/LaunchScreen.strings; sourceTree = "<group>"; };
		CD6CC2502A216485008B82AA /* el */ = {isa = PBXFileReference; lastKnownFileType = text.plist.strings; name = el; path = el.lproj/LaunchScreen.strings; sourceTree = "<group>"; };
		CD6CC2522A2164D4008B82AA /* pl */ = {isa = PBXFileReference; lastKnownFileType = text.plist.strings; name = pl; path = pl.lproj/LaunchScreen.strings; sourceTree = "<group>"; };
		CD6CC2542A216535008B82AA /* sk */ = {isa = PBXFileReference; lastKnownFileType = text.plist.strings; name = sk; path = sk.lproj/LaunchScreen.strings; sourceTree = "<group>"; };
		CD6CC2552A21656C008B82AA /* ca */ = {isa = PBXFileReference; lastKnownFileType = text.plist.strings; name = ca; path = ca.lproj/LaunchScreen.strings; sourceTree = "<group>"; };
		CD6CC2562A2165AB008B82AA /* ms */ = {isa = PBXFileReference; lastKnownFileType = text.plist.strings; name = ms; path = ms.lproj/LaunchScreen.strings; sourceTree = "<group>"; };
		CD6CC2572A216641008B82AA /* fa */ = {isa = PBXFileReference; lastKnownFileType = text.plist.strings; name = fa; path = fa.lproj/LaunchScreen.strings; sourceTree = "<group>"; };
		CD7821782A253DAE00F3B33A /* en */ = {isa = PBXFileReference; lastKnownFileType = file.storyboard; name = en; path = en.lproj/LaunchScreen.storyboard; sourceTree = "<group>"; };
		CDEE16512A1BA12200E15B10 /* PublicTranslationAttributes.swift */ = {isa = PBXFileReference; lastKnownFileType = sourcecode.swift; path = PublicTranslationAttributes.swift; sourceTree = "<group>"; };
		D8CAFCC9631D60DF42ACBD13 /* ExpoModulesProvider.swift */ = {isa = PBXFileReference; includeInIndex = 1; lastKnownFileType = sourcecode.swift; name = ExpoModulesProvider.swift; path = "Pods/Target Support Files/Pods-ReadLess-ReadLessTests/ExpoModulesProvider.swift"; sourceTree = "<group>"; };
		ED297162215061F000B7C4FE /* JavaScriptCore.framework */ = {isa = PBXFileReference; lastKnownFileType = wrapper.framework; name = JavaScriptCore.framework; path = System/Library/Frameworks/JavaScriptCore.framework; sourceTree = SDKROOT; };
		FA5C7041D39DDE482042B57D /* ExpoModulesProvider.swift */ = {isa = PBXFileReference; includeInIndex = 1; lastKnownFileType = sourcecode.swift; name = ExpoModulesProvider.swift; path = "Pods/Target Support Files/Pods-ReadLess/ExpoModulesProvider.swift"; sourceTree = "<group>"; };
/* End PBXFileReference section */

/* Begin PBXFrameworksBuildPhase section */
		00E356EB1AD99517003FC87E /* Frameworks */ = {
			isa = PBXFrameworksBuildPhase;
			buildActionMask = 2147483647;
			files = (
				7699B88040F8A987B510C191 /* libPods-ReadLess-ReadLessTests.a in Frameworks */,
			);
			runOnlyForDeploymentPostprocessing = 0;
		};
		010F0CDE29E88D470064DD97 /* Frameworks */ = {
			isa = PBXFrameworksBuildPhase;
			buildActionMask = 2147483647;
			files = (
			);
			runOnlyForDeploymentPostprocessing = 0;
		};
		010F0CED29E88D490064DD97 /* Frameworks */ = {
			isa = PBXFrameworksBuildPhase;
			buildActionMask = 2147483647;
			files = (
			);
			runOnlyForDeploymentPostprocessing = 0;
		};
		010F0CF729E88D490064DD97 /* Frameworks */ = {
			isa = PBXFrameworksBuildPhase;
			buildActionMask = 2147483647;
			files = (
			);
			runOnlyForDeploymentPostprocessing = 0;
		};
		13B07F8C1A680F5B00A75B9A /* Frameworks */ = {
			isa = PBXFrameworksBuildPhase;
			buildActionMask = 2147483647;
			files = (
				0C80B921A6F3F58F76C31292 /* libPods-ReadLess.a in Frameworks */,
			);
			runOnlyForDeploymentPostprocessing = 0;
		};
/* End PBXFrameworksBuildPhase section */

/* Begin PBXGroup section */
		00E356EF1AD99517003FC87E /* ReadLessTests */ = {
			isa = PBXGroup;
			children = (
				00E356F21AD99517003FC87E /* ReadLessTests.m */,
				00E356F01AD99517003FC87E /* Supporting Files */,
			);
			path = ReadLessTests;
			sourceTree = "<group>";
		};
		00E356F01AD99517003FC87E /* Supporting Files */ = {
			isa = PBXGroup;
			children = (
				00E356F11AD99517003FC87E /* Info.plist */,
			);
			name = "Supporting Files";
			sourceTree = "<group>";
		};
		010F0CE229E88D470064DD97 /* ReadLessWatch Watch App */ = {
			isa = PBXGroup;
			children = (
				010F0CE729E88D480064DD97 /* Assets.xcassets */,
				018CE3AE29E989F5005E6391 /* ReadLessWatch Watch App.entitlements */,
				018CE3AD29E9892B005E6391 /* ReadLessWatch-Watch-App-Info.plist */,
				010F0CE329E88D470064DD97 /* ReadLessWatchApp.swift */,
				015A19CD29EAE6D70072EEE3 /* Views */,
				010F0CE929E88D480064DD97 /* Preview Content */,
			);
			path = "ReadLessWatch Watch App";
			sourceTree = "<group>";
		};
		010F0CE929E88D480064DD97 /* Preview Content */ = {
			isa = PBXGroup;
			children = (
				010F0CEA29E88D480064DD97 /* Preview Assets.xcassets */,
			);
			path = "Preview Content";
			sourceTree = "<group>";
		};
		010F0CF329E88D490064DD97 /* ReadLessWatch Watch AppTests */ = {
			isa = PBXGroup;
			children = (
				010F0CF429E88D490064DD97 /* ReadLessWatch_Watch_AppTests.swift */,
			);
			path = "ReadLessWatch Watch AppTests";
			sourceTree = "<group>";
		};
		010F0CFD29E88D490064DD97 /* ReadLessWatch Watch AppUITests */ = {
			isa = PBXGroup;
			children = (
				010F0CFE29E88D490064DD97 /* ReadLessWatch_Watch_AppUITests.swift */,
				010F0D0029E88D490064DD97 /* ReadLessWatch_Watch_AppUITestsLaunchTests.swift */,
			);
			path = "ReadLessWatch Watch AppUITests";
			sourceTree = "<group>";
		};
		010F0D0E29E88EC40064DD97 /* Models */ = {
			isa = PBXGroup;
			children = (
				010F0D2529E88EC40064DD97 /* PublicSummaryAttributes.swift */,
				CDEE16512A1BA12200E15B10 /* PublicTranslationAttributes.swift */,
				010F0D2129E88EC40064DD97 /* PublicCategoryAttributes.swift */,
				010F0D2B29E88EC40064DD97 /* PublicOutletAttributes.swift */,
				018CE3AF29E98AB9005E6391 /* BulkResponse.swift */,
			);
			path = Models;
			sourceTree = "<group>";
		};
		0125BD1929D791EC00EAC61C /* Fonts */ = {
			isa = PBXGroup;
			children = (
				0150EA1929EDD6C7004FBDFA /* Alegreya.otf */,
				CD4AEB5F2A0D9D2C0093B6D1 /* AlegreyaBold.otf */,
				CD4AEB5D2A0D9D2C0093B6D1 /* AlegreyaBoldItalic.otf */,
				CD4AEB5E2A0D9D2C0093B6D1 /* AlegreyaItalic.otf */,
				0125BD2529D791EC00EAC61C /* AntDesign.ttf */,
				CD4AEB7A2A0D9D860093B6D1 /* DMSans.ttf */,
				CD4AEB792A0D9D860093B6D1 /* DMSansBold.ttf */,
				CD4AEB7B2A0D9D860093B6D1 /* DMSansBoldItalic.ttf */,
				CD4AEB7C2A0D9D860093B6D1 /* DMSansItalic.ttf */,
				0125BD2029D791EC00EAC61C /* Entypo.ttf */,
				0125BD3229D791EC00EAC61C /* EvilIcons.ttf */,
				CD4AEB1D2A0D92DD0093B6D1 /* Faustina.ttf */,
				CD4AEB352A0D975C0093B6D1 /* FaustinaBold.ttf */,
				CD4AEB372A0D975C0093B6D1 /* FaustinaBoldItalic.ttf */,
				CD4AEB362A0D975C0093B6D1 /* FaustinaItalic.ttf */,
				0125BD1D29D791EC00EAC61C /* Feather.ttf */,
				0125BD2F29D791EC00EAC61C /* FontAwesome.ttf */,
				0125BD2329D791EC00EAC61C /* FontAwesome5_Brands.ttf */,
				0125BD2C29D791EC00EAC61C /* FontAwesome5_Regular.ttf */,
				0125BD2B29D791EC00EAC61C /* FontAwesome5_Solid.ttf */,
				0125BD1A29D791EC00EAC61C /* Fontisto.ttf */,
				0125BD2929D791EC00EAC61C /* Foundation.ttf */,
				0125BD2A29D791EC00EAC61C /* Ionicons.ttf */,
				CD4AEB502A0D99D30093B6D1 /* Lato.ttf */,
				CD4AEB4D2A0D99D30093B6D1 /* LatoBold.ttf */,
				CD4AEB4E2A0D99D30093B6D1 /* LatoBoldItalic.ttf */,
				CD4AEB4F2A0D99D30093B6D1 /* LatoItalic.ttf */,
				CD4AEB212A0D93180093B6D1 /* Manuale.ttf */,
				CD4AEB412A0D99780093B6D1 /* ManualeBold.ttf */,
				CD4AEB432A0D99780093B6D1 /* ManualeBoldItalic.ttf */,
				CD4AEB422A0D99780093B6D1 /* ManualeItalic.ttf */,
				0125BD2429D791EC00EAC61C /* MaterialCommunityIcons.ttf */,
				0125BD3929D791EC00EAC61C /* MaterialIcons.ttf */,
				0125BD1C29D791EC00EAC61C /* Octicons.ttf */,
				0150EA1F29EE16D8004FBDFA /* Roboto.ttf */,
				0125BD3829D791EC00EAC61C /* SimpleLineIcons.ttf */,
				0125BD3129D791EC00EAC61C /* Zocial.ttf */,
			);
			path = Fonts;
			sourceTree = "<group>";
		};
		013F32C429E8BA5E00CE8555 /* Extensions */ = {
			isa = PBXGroup;
			children = (
				010F0D8029E89D770064DD97 /* Color.swift */,
				018173BE29EA1842006D3509 /* PressActions.swift */,
				018173C229EA4833006D3509 /* Date.swift */,
				015A19D029EAEB1A0072EEE3 /* View.swift */,
			);
			path = Extensions;
			sourceTree = "<group>";
		};
		0150ACC229F957E400875CF7 /* Services */ = {
			isa = PBXGroup;
			children = (
				013F32C229E8BA2D00CE8555 /* ConnectService.swift */,
			);
			path = Services;
			sourceTree = "<group>";
		};
		015A19CD29EAE6D70072EEE3 /* Views */ = {
			isa = PBXGroup;
			children = (
				010F0CE529E88D470064DD97 /* ContentView.swift */,
				018173C029EA4529006D3509 /* SummaryCard.swift */,
			);
			path = Views;
			sourceTree = "<group>";
		};
		13B07FAE1A68108700A75B9A /* ReadLess */ = {
			isa = PBXGroup;
			children = (
				013F32C429E8BA5E00CE8555 /* Extensions */,
				010F0D0E29E88EC40064DD97 /* Models */,
				0150ACC229F957E400875CF7 /* Services */,
				0125BD1929D791EC00EAC61C /* Fonts */,
				0125BD1829D791EC00EAC61C /* ReadLess.entitlements */,
				01BC567B29DCF36700C69F9A /* main.jsbundle */,
				13B07FAF1A68108700A75B9A /* AppDelegate.h */,
				13B07FB01A68108700A75B9A /* AppDelegate.mm */,
				13B07FB71A68108700A75B9A /* main.m */,
				CD0695912A1BD9DC005C0208 /* Info.plist */,
				13B07FB51A68108700A75B9A /* Images.xcassets */,
				CDEE161A2A1B9CCA00E15B10 /* LaunchScreen.storyboard */,
			);
			name = ReadLess;
			sourceTree = "<group>";
		};
		2D16E6871FA4F8E400B85C8A /* Frameworks */ = {
			isa = PBXGroup;
			children = (
				ED297162215061F000B7C4FE /* JavaScriptCore.framework */,
				5DCACB8F33CDC322A6C60F78 /* libPods-ReadLess.a */,
				19F6CBCC0A4E27FBF8BF4A61 /* libPods-ReadLess-ReadLessTests.a */,
				0150ACA429F9577400875CF7 /* WidgetKit.framework */,
				0150ACA629F9577400875CF7 /* SwiftUI.framework */,
			);
			name = Frameworks;
			sourceTree = "<group>";
		};
		4BC214D109E2F096BEAD871E /* ReadLessTests */ = {
			isa = PBXGroup;
			children = (
				D8CAFCC9631D60DF42ACBD13 /* ExpoModulesProvider.swift */,
			);
			name = ReadLessTests;
			sourceTree = "<group>";
		};
		80787AD2B0B9BD3B4E769CBD /* ReadLess */ = {
			isa = PBXGroup;
			children = (
				FA5C7041D39DDE482042B57D /* ExpoModulesProvider.swift */,
			);
			name = ReadLess;
			sourceTree = "<group>";
		};
		832341AE1AAA6A7D00B99B32 /* Libraries */ = {
			isa = PBXGroup;
			children = (
			);
			name = Libraries;
			sourceTree = "<group>";
		};
		83CBB9F61A601CBA00E9B192 = {
			isa = PBXGroup;
			children = (
				13B07FAE1A68108700A75B9A /* ReadLess */,
				832341AE1AAA6A7D00B99B32 /* Libraries */,
				00E356EF1AD99517003FC87E /* ReadLessTests */,
				010F0CE229E88D470064DD97 /* ReadLessWatch Watch App */,
				010F0CF329E88D490064DD97 /* ReadLessWatch Watch AppTests */,
				010F0CFD29E88D490064DD97 /* ReadLessWatch Watch AppUITests */,
				83CBBA001A601CBA00E9B192 /* Products */,
				2D16E6871FA4F8E400B85C8A /* Frameworks */,
				BBD78D7AC51CEA395F1C20DB /* Pods */,
				A7772D76064F5EAD91170387 /* ExpoModulesProviders */,
			);
			indentWidth = 2;
			sourceTree = "<group>";
			tabWidth = 2;
			usesTabs = 0;
		};
		83CBBA001A601CBA00E9B192 /* Products */ = {
			isa = PBXGroup;
			children = (
				13B07F961A680F5B00A75B9A /* ReadLess.app */,
				00E356EE1AD99517003FC87E /* ReadLessTests.xctest */,
				010F0CE129E88D470064DD97 /* Read Less.app */,
				010F0CF029E88D490064DD97 /* ReadLessWatch Watch AppTests.xctest */,
				010F0CFA29E88D490064DD97 /* ReadLessWatch Watch AppUITests.xctest */,
			);
			name = Products;
			sourceTree = "<group>";
		};
		A7772D76064F5EAD91170387 /* ExpoModulesProviders */ = {
			isa = PBXGroup;
			children = (
				80787AD2B0B9BD3B4E769CBD /* ReadLess */,
				4BC214D109E2F096BEAD871E /* ReadLessTests */,
			);
			name = ExpoModulesProviders;
			sourceTree = "<group>";
		};
		BBD78D7AC51CEA395F1C20DB /* Pods */ = {
			isa = PBXGroup;
			children = (
				3B4392A12AC88292D35C810B /* Pods-ReadLess.debug.xcconfig */,
				5709B34CF0A7D63546082F79 /* Pods-ReadLess.release.xcconfig */,
				5B7EB9410499542E8C5724F5 /* Pods-ReadLess-ReadLessTests.debug.xcconfig */,
				89C6BE57DB24E9ADA2F236DE /* Pods-ReadLess-ReadLessTests.release.xcconfig */,
			);
			path = Pods;
			sourceTree = "<group>";
		};
/* End PBXGroup section */

/* Begin PBXNativeTarget section */
		00E356ED1AD99517003FC87E /* ReadLessTests */ = {
			isa = PBXNativeTarget;
			buildConfigurationList = 00E357021AD99517003FC87E /* Build configuration list for PBXNativeTarget "ReadLessTests" */;
			buildPhases = (
				A55EABD7B0C7F3A422A6CC61 /* [CP] Check Pods Manifest.lock */,
				00E356EA1AD99517003FC87E /* Sources */,
				00E356EB1AD99517003FC87E /* Frameworks */,
				00E356EC1AD99517003FC87E /* Resources */,
				C59DA0FBD6956966B86A3779 /* [CP] Embed Pods Frameworks */,
				F6A41C54EA430FDDC6A6ED99 /* [CP] Copy Pods Resources */,
			);
			buildRules = (
			);
			dependencies = (
				00E356F51AD99517003FC87E /* PBXTargetDependency */,
			);
			name = ReadLessTests;
			productName = ReadLessTests;
			productReference = 00E356EE1AD99517003FC87E /* ReadLessTests.xctest */;
			productType = "com.apple.product-type.bundle.unit-test";
		};
		010F0CE029E88D470064DD97 /* ReadLessWatch Watch App */ = {
			isa = PBXNativeTarget;
			buildConfigurationList = 010F0D0529E88D490064DD97 /* Build configuration list for PBXNativeTarget "ReadLessWatch Watch App" */;
			buildPhases = (
				010F0CDD29E88D470064DD97 /* Sources */,
				010F0CDE29E88D470064DD97 /* Frameworks */,
				010F0CDF29E88D470064DD97 /* Resources */,
			);
			buildRules = (
			);
			dependencies = (
			);
			name = "ReadLessWatch Watch App";
			productName = "ReadLessWatch Watch App";
			productReference = 010F0CE129E88D470064DD97 /* Read Less.app */;
			productType = "com.apple.product-type.application";
		};
		010F0CEF29E88D490064DD97 /* ReadLessWatch Watch AppTests */ = {
			isa = PBXNativeTarget;
			buildConfigurationList = 010F0D0829E88D490064DD97 /* Build configuration list for PBXNativeTarget "ReadLessWatch Watch AppTests" */;
			buildPhases = (
				010F0CEC29E88D490064DD97 /* Sources */,
				010F0CED29E88D490064DD97 /* Frameworks */,
				010F0CEE29E88D490064DD97 /* Resources */,
			);
			buildRules = (
			);
			dependencies = (
				010F0CF229E88D490064DD97 /* PBXTargetDependency */,
			);
			name = "ReadLessWatch Watch AppTests";
			productName = "ReadLessWatch Watch AppTests";
			productReference = 010F0CF029E88D490064DD97 /* ReadLessWatch Watch AppTests.xctest */;
			productType = "com.apple.product-type.bundle.unit-test";
		};
		010F0CF929E88D490064DD97 /* ReadLessWatch Watch AppUITests */ = {
			isa = PBXNativeTarget;
			buildConfigurationList = 010F0D0B29E88D490064DD97 /* Build configuration list for PBXNativeTarget "ReadLessWatch Watch AppUITests" */;
			buildPhases = (
				010F0CF629E88D490064DD97 /* Sources */,
				010F0CF729E88D490064DD97 /* Frameworks */,
				010F0CF829E88D490064DD97 /* Resources */,
			);
			buildRules = (
			);
			dependencies = (
				010F0CFC29E88D490064DD97 /* PBXTargetDependency */,
			);
			name = "ReadLessWatch Watch AppUITests";
			productName = "ReadLessWatch Watch AppUITests";
			productReference = 010F0CFA29E88D490064DD97 /* ReadLessWatch Watch AppUITests.xctest */;
			productType = "com.apple.product-type.bundle.ui-testing";
		};
		13B07F861A680F5B00A75B9A /* ReadLess */ = {
			isa = PBXNativeTarget;
			buildConfigurationList = 13B07F931A680F5B00A75B9A /* Build configuration list for PBXNativeTarget "ReadLess" */;
			buildPhases = (
				C38B50BA6285516D6DCD4F65 /* [CP] Check Pods Manifest.lock */,
				FD10A7F022414F080027D42C /* Start Packager */,
				13B07F871A680F5B00A75B9A /* Sources */,
				13B07F8C1A680F5B00A75B9A /* Frameworks */,
				13B07F8E1A680F5B00A75B9A /* Resources */,
				00DD1BFF1BD5951E006B06BC /* Bundle React Native code and images */,
				00EEFC60759A1932668264C0 /* [CP] Embed Pods Frameworks */,
				E235C05ADACE081382539298 /* [CP] Copy Pods Resources */,
				01F6EA7829E6FA3C00F51BBA /* Embed Watch Content */,
				CD6345222A192BF100CB264B /* Embed Foundation Extensions */,
			);
			buildRules = (
			);
			dependencies = (
				010F0D0329E88D490064DD97 /* PBXTargetDependency */,
			);
			name = ReadLess;
			productName = ReadLess;
			productReference = 13B07F961A680F5B00A75B9A /* ReadLess.app */;
			productType = "com.apple.product-type.application";
		};
/* End PBXNativeTarget section */

/* Begin PBXProject section */
		83CBB9F71A601CBA00E9B192 /* Project object */ = {
			isa = PBXProject;
			attributes = {
				BuildIndependentTargetsInParallel = YES;
				CLASSPREFIX = I;
				LastSwiftUpdateCheck = 1430;
				LastUpgradeCheck = 1430;
				TargetAttributes = {
					00E356ED1AD99517003FC87E = {
						CreatedOnToolsVersion = 6.2;
						TestTargetID = 13B07F861A680F5B00A75B9A;
					};
					010F0CE029E88D470064DD97 = {
						CreatedOnToolsVersion = 14.3;
					};
					010F0CEF29E88D490064DD97 = {
						CreatedOnToolsVersion = 14.3;
						TestTargetID = 010F0CE029E88D470064DD97;
					};
					010F0CF929E88D490064DD97 = {
						CreatedOnToolsVersion = 14.3;
						TestTargetID = 010F0CE029E88D470064DD97;
					};
					13B07F861A680F5B00A75B9A = {
						LastSwiftMigration = 1120;
					};
				};
			};
			buildConfigurationList = 83CBB9FA1A601CBA00E9B192 /* Build configuration list for PBXProject "ReadLess" */;
			compatibilityVersion = "Xcode 12.0";
			developmentRegion = en;
			hasScannedForEncodings = 0;
			knownRegions = (
				en,
				Base,
				"zh-HK",
				"en-AU",
				"en-IN",
				"en-GB",
				fr,
				it,
				de,
				ko,
				nb,
				ar,
				es,
				"pt-BR",
				"pt-PT",
				ru,
				uk,
				vi,
				zh,
				"zh-Hant-TW",
				"zh-Hans-CN",
				"zh-Hans",
				"zh-Hant",
				th,
				ja,
				hu,
				"fr-CA",
				"it-IT",
				cs,
				tr,
				hi,
				sv,
				id,
				ro,
				da,
				he,
				hr,
				nl,
				fi,
				el,
				pl,
				sk,
				ca,
				ms,
				fa,
			);
			mainGroup = 83CBB9F61A601CBA00E9B192;
			productRefGroup = 83CBBA001A601CBA00E9B192 /* Products */;
			projectDirPath = "";
			projectRoot = "";
			targets = (
				13B07F861A680F5B00A75B9A /* ReadLess */,
				00E356ED1AD99517003FC87E /* ReadLessTests */,
				010F0CE029E88D470064DD97 /* ReadLessWatch Watch App */,
				010F0CEF29E88D490064DD97 /* ReadLessWatch Watch AppTests */,
				010F0CF929E88D490064DD97 /* ReadLessWatch Watch AppUITests */,
			);
		};
/* End PBXProject section */

/* Begin PBXResourcesBuildPhase section */
		00E356EC1AD99517003FC87E /* Resources */ = {
			isa = PBXResourcesBuildPhase;
			buildActionMask = 2147483647;
			files = (
			);
			runOnlyForDeploymentPostprocessing = 0;
		};
		010F0CDF29E88D470064DD97 /* Resources */ = {
			isa = PBXResourcesBuildPhase;
			buildActionMask = 2147483647;
			files = (
				CD4AEB1F2A0D92DD0093B6D1 /* Faustina.ttf in Resources */,
				0143022329FACEDC00D40293 /* Octicons.ttf in Resources */,
				CD4AEB452A0D99780093B6D1 /* ManualeBold.ttf in Resources */,
				0143022929FACEDC00D40293 /* Foundation.ttf in Resources */,
				010F0CEB29E88D480064DD97 /* Preview Assets.xcassets in Resources */,
				0143022229FACEDC00D40293 /* Entypo.ttf in Resources */,
				CD4AEB232A0D93180093B6D1 /* Manuale.ttf in Resources */,
				0143022629FACEDC00D40293 /* FontAwesome5_Brands.ttf in Resources */,
				0150EA2129EE16D8004FBDFA /* Roboto.ttf in Resources */,
				0143021F29FACEDC00D40293 /* AntDesign.ttf in Resources */,
				0143022A29FACEDC00D40293 /* Feather.ttf in Resources */,
				CD4AEB872A0D9D860093B6D1 /* DMSansItalic.ttf in Resources */,
				CD4AEB392A0D975C0093B6D1 /* FaustinaBold.ttf in Resources */,
				CD4AEB482A0D99780093B6D1 /* ManualeItalic.ttf in Resources */,
				CD4AEB3F2A0D975C0093B6D1 /* FaustinaBoldItalic.ttf in Resources */,
				CD4AEB7E2A0D9D860093B6D1 /* DMSansBold.ttf in Resources */,
				CD4AEB552A0D99D30093B6D1 /* LatoBoldItalic.ttf in Resources */,
				0143021D29FACEDC00D40293 /* Zocial.ttf in Resources */,
				CD4AEB642A0D9D2C0093B6D1 /* AlegreyaItalic.otf in Resources */,
				0143022E29FACEDC00D40293 /* MaterialIcons.ttf in Resources */,
				CD4AEB812A0D9D860093B6D1 /* DMSans.ttf in Resources */,
				0143022B29FACEDC00D40293 /* MaterialCommunityIcons.ttf in Resources */,
				0143022529FACEDC00D40293 /* EvilIcons.ttf in Resources */,
				CD4AEB582A0D99D30093B6D1 /* LatoItalic.ttf in Resources */,
				CD4AEB672A0D9D2C0093B6D1 /* AlegreyaBold.otf in Resources */,
				0143022729FACEDC00D40293 /* SimpleLineIcons.ttf in Resources */,
				CD4AEB3C2A0D975C0093B6D1 /* FaustinaItalic.ttf in Resources */,
				CD4AEB612A0D9D2C0093B6D1 /* AlegreyaBoldItalic.otf in Resources */,
				CD4AEB842A0D9D860093B6D1 /* DMSansBoldItalic.ttf in Resources */,
				CD4AEB4B2A0D99780093B6D1 /* ManualeBoldItalic.ttf in Resources */,
				0143022129FACEDC00D40293 /* Ionicons.ttf in Resources */,
				0143022029FACEDC00D40293 /* Fontisto.ttf in Resources */,
				CD4AEB522A0D99D30093B6D1 /* LatoBold.ttf in Resources */,
				0150EA1B29EDD6C7004FBDFA /* Alegreya.otf in Resources */,
				CD4AEB5B2A0D99D30093B6D1 /* Lato.ttf in Resources */,
				0143021C29FACEDC00D40293 /* FontAwesome5_Regular.ttf in Resources */,
				0143022829FACEDC00D40293 /* FontAwesome.ttf in Resources */,
				010F0CE829E88D480064DD97 /* Assets.xcassets in Resources */,
				0143021E29FACEDC00D40293 /* FontAwesome5_Solid.ttf in Resources */,
			);
			runOnlyForDeploymentPostprocessing = 0;
		};
		010F0CEE29E88D490064DD97 /* Resources */ = {
			isa = PBXResourcesBuildPhase;
			buildActionMask = 2147483647;
			files = (
			);
			runOnlyForDeploymentPostprocessing = 0;
		};
		010F0CF829E88D490064DD97 /* Resources */ = {
			isa = PBXResourcesBuildPhase;
			buildActionMask = 2147483647;
			files = (
			);
			runOnlyForDeploymentPostprocessing = 0;
		};
		13B07F8E1A680F5B00A75B9A /* Resources */ = {
			isa = PBXResourcesBuildPhase;
			buildActionMask = 2147483647;
			files = (
				0150EA1A29EDD6C7004FBDFA /* Alegreya.otf in Resources */,
				0125BD4C29D791ED00EAC61C /* FontAwesome5_Regular.ttf in Resources */,
				0150EA2029EE16D8004FBDFA /* Roboto.ttf in Resources */,
				CD4AEB542A0D99D30093B6D1 /* LatoBoldItalic.ttf in Resources */,
				0125BD3C29D791ED00EAC61C /* Octicons.ttf in Resources */,
				0125BD4A29D791ED00EAC61C /* Ionicons.ttf in Resources */,
				CD4AEB632A0D9D2C0093B6D1 /* AlegreyaItalic.otf in Resources */,
				0125BD5129D791ED00EAC61C /* Zocial.ttf in Resources */,
				0125BD5229D791ED00EAC61C /* EvilIcons.ttf in Resources */,
				0125BD4929D791ED00EAC61C /* Foundation.ttf in Resources */,
				0125BD4B29D791ED00EAC61C /* FontAwesome5_Solid.ttf in Resources */,
				CD4AEB3B2A0D975C0093B6D1 /* FaustinaItalic.ttf in Resources */,
				CD4AEB572A0D99D30093B6D1 /* LatoItalic.ttf in Resources */,
				CD4AEB222A0D93180093B6D1 /* Manuale.ttf in Resources */,
				CD4AEB512A0D99D30093B6D1 /* LatoBold.ttf in Resources */,
				01BC567C29DCF36700C69F9A /* main.jsbundle in Resources */,
				0125BD4529D791ED00EAC61C /* AntDesign.ttf in Resources */,
				0125BD3A29D791ED00EAC61C /* Fontisto.ttf in Resources */,
				CD4AEB3E2A0D975C0093B6D1 /* FaustinaBoldItalic.ttf in Resources */,
				CD4AEB662A0D9D2C0093B6D1 /* AlegreyaBold.otf in Resources */,
				CD4AEB5A2A0D99D30093B6D1 /* Lato.ttf in Resources */,
				CD4AEB7D2A0D9D860093B6D1 /* DMSansBold.ttf in Resources */,
				0125BD4F29D791ED00EAC61C /* FontAwesome.ttf in Resources */,
				CD4AEB602A0D9D2C0093B6D1 /* AlegreyaBoldItalic.otf in Resources */,
				0125BD3D29D791ED00EAC61C /* Feather.ttf in Resources */,
				CD4AEB862A0D9D860093B6D1 /* DMSansItalic.ttf in Resources */,
				CD4AEB472A0D99780093B6D1 /* ManualeItalic.ttf in Resources */,
				CDEE16182A1B9CCA00E15B10 /* LaunchScreen.storyboard in Resources */,
				CD4AEB1E2A0D92DD0093B6D1 /* Faustina.ttf in Resources */,
				CD4AEB802A0D9D860093B6D1 /* DMSans.ttf in Resources */,
				CD4AEB832A0D9D860093B6D1 /* DMSansBoldItalic.ttf in Resources */,
				CD4AEB382A0D975C0093B6D1 /* FaustinaBold.ttf in Resources */,
				13B07FBF1A68108700A75B9A /* Images.xcassets in Resources */,
				0125BD4329D791ED00EAC61C /* FontAwesome5_Brands.ttf in Resources */,
				0125BD5829D791ED00EAC61C /* SimpleLineIcons.ttf in Resources */,
				CD4AEB4A2A0D99780093B6D1 /* ManualeBoldItalic.ttf in Resources */,
				CD4AEB442A0D99780093B6D1 /* ManualeBold.ttf in Resources */,
				0125BD4429D791ED00EAC61C /* MaterialCommunityIcons.ttf in Resources */,
				0125BD5929D791ED00EAC61C /* MaterialIcons.ttf in Resources */,
				0125BD4029D791ED00EAC61C /* Entypo.ttf in Resources */,
			);
			runOnlyForDeploymentPostprocessing = 0;
		};
/* End PBXResourcesBuildPhase section */

/* Begin PBXShellScriptBuildPhase section */
		00DD1BFF1BD5951E006B06BC /* Bundle React Native code and images */ = {
			isa = PBXShellScriptBuildPhase;
			buildActionMask = 2147483647;
			files = (
			);
			inputPaths = (
				"$(SRCROOT)/.xcode.env.local",
				"$(SRCROOT)/.xcode.env",
			);
			name = "Bundle React Native code and images";
			outputPaths = (
			);
			runOnlyForDeploymentPostprocessing = 0;
			shellPath = /bin/sh;
			shellScript = "export NODE_BINARY=node\nset -e\nWITH_ENVIRONMENT=\"../node_modules/react-native/scripts/xcode/with-environment.sh\"\nREACT_NATIVE_XCODE=\"../node_modules/react-native/scripts/react-native-xcode.sh\"\n\n/bin/sh -c \"$WITH_ENVIRONMENT $REACT_NATIVE_XCODE\"\n";
		};
		00EEFC60759A1932668264C0 /* [CP] Embed Pods Frameworks */ = {
			isa = PBXShellScriptBuildPhase;
			buildActionMask = 2147483647;
			files = (
			);
			inputFileListPaths = (
				"${PODS_ROOT}/Target Support Files/Pods-ReadLess/Pods-ReadLess-frameworks-${CONFIGURATION}-input-files.xcfilelist",
			);
			name = "[CP] Embed Pods Frameworks";
			outputFileListPaths = (
				"${PODS_ROOT}/Target Support Files/Pods-ReadLess/Pods-ReadLess-frameworks-${CONFIGURATION}-output-files.xcfilelist",
			);
			runOnlyForDeploymentPostprocessing = 0;
			shellPath = /bin/sh;
			shellScript = "\"${PODS_ROOT}/Target Support Files/Pods-ReadLess/Pods-ReadLess-frameworks.sh\"\n";
			showEnvVarsInLog = 0;
		};
		A55EABD7B0C7F3A422A6CC61 /* [CP] Check Pods Manifest.lock */ = {
			isa = PBXShellScriptBuildPhase;
			buildActionMask = 2147483647;
			files = (
			);
			inputFileListPaths = (
			);
			inputPaths = (
				"${PODS_PODFILE_DIR_PATH}/Podfile.lock",
				"${PODS_ROOT}/Manifest.lock",
			);
			name = "[CP] Check Pods Manifest.lock";
			outputFileListPaths = (
			);
			outputPaths = (
				"$(DERIVED_FILE_DIR)/Pods-ReadLess-ReadLessTests-checkManifestLockResult.txt",
			);
			runOnlyForDeploymentPostprocessing = 0;
			shellPath = /bin/sh;
			shellScript = "diff \"${PODS_PODFILE_DIR_PATH}/Podfile.lock\" \"${PODS_ROOT}/Manifest.lock\" > /dev/null\nif [ $? != 0 ] ; then\n    # print error to STDERR\n    echo \"error: The sandbox is not in sync with the Podfile.lock. Run 'pod install' or update your CocoaPods installation.\" >&2\n    exit 1\nfi\n# This output is used by Xcode 'outputs' to avoid re-running this script phase.\necho \"SUCCESS\" > \"${SCRIPT_OUTPUT_FILE_0}\"\n";
			showEnvVarsInLog = 0;
		};
		C38B50BA6285516D6DCD4F65 /* [CP] Check Pods Manifest.lock */ = {
			isa = PBXShellScriptBuildPhase;
			buildActionMask = 2147483647;
			files = (
			);
			inputFileListPaths = (
			);
			inputPaths = (
				"${PODS_PODFILE_DIR_PATH}/Podfile.lock",
				"${PODS_ROOT}/Manifest.lock",
			);
			name = "[CP] Check Pods Manifest.lock";
			outputFileListPaths = (
			);
			outputPaths = (
				"$(DERIVED_FILE_DIR)/Pods-ReadLess-checkManifestLockResult.txt",
			);
			runOnlyForDeploymentPostprocessing = 0;
			shellPath = /bin/sh;
			shellScript = "diff \"${PODS_PODFILE_DIR_PATH}/Podfile.lock\" \"${PODS_ROOT}/Manifest.lock\" > /dev/null\nif [ $? != 0 ] ; then\n    # print error to STDERR\n    echo \"error: The sandbox is not in sync with the Podfile.lock. Run 'pod install' or update your CocoaPods installation.\" >&2\n    exit 1\nfi\n# This output is used by Xcode 'outputs' to avoid re-running this script phase.\necho \"SUCCESS\" > \"${SCRIPT_OUTPUT_FILE_0}\"\n";
			showEnvVarsInLog = 0;
		};
		C59DA0FBD6956966B86A3779 /* [CP] Embed Pods Frameworks */ = {
			isa = PBXShellScriptBuildPhase;
			buildActionMask = 2147483647;
			files = (
			);
			inputFileListPaths = (
				"${PODS_ROOT}/Target Support Files/Pods-ReadLess-ReadLessTests/Pods-ReadLess-ReadLessTests-frameworks-${CONFIGURATION}-input-files.xcfilelist",
			);
			name = "[CP] Embed Pods Frameworks";
			outputFileListPaths = (
				"${PODS_ROOT}/Target Support Files/Pods-ReadLess-ReadLessTests/Pods-ReadLess-ReadLessTests-frameworks-${CONFIGURATION}-output-files.xcfilelist",
			);
			runOnlyForDeploymentPostprocessing = 0;
			shellPath = /bin/sh;
			shellScript = "\"${PODS_ROOT}/Target Support Files/Pods-ReadLess-ReadLessTests/Pods-ReadLess-ReadLessTests-frameworks.sh\"\n";
			showEnvVarsInLog = 0;
		};
		E235C05ADACE081382539298 /* [CP] Copy Pods Resources */ = {
			isa = PBXShellScriptBuildPhase;
			buildActionMask = 2147483647;
			files = (
			);
			inputFileListPaths = (
				"${PODS_ROOT}/Target Support Files/Pods-ReadLess/Pods-ReadLess-resources-${CONFIGURATION}-input-files.xcfilelist",
			);
			name = "[CP] Copy Pods Resources";
			outputFileListPaths = (
				"${PODS_ROOT}/Target Support Files/Pods-ReadLess/Pods-ReadLess-resources-${CONFIGURATION}-output-files.xcfilelist",
			);
			runOnlyForDeploymentPostprocessing = 0;
			shellPath = /bin/sh;
			shellScript = "\"${PODS_ROOT}/Target Support Files/Pods-ReadLess/Pods-ReadLess-resources.sh\"\n";
			showEnvVarsInLog = 0;
		};
		F6A41C54EA430FDDC6A6ED99 /* [CP] Copy Pods Resources */ = {
			isa = PBXShellScriptBuildPhase;
			buildActionMask = 2147483647;
			files = (
			);
			inputFileListPaths = (
				"${PODS_ROOT}/Target Support Files/Pods-ReadLess-ReadLessTests/Pods-ReadLess-ReadLessTests-resources-${CONFIGURATION}-input-files.xcfilelist",
			);
			name = "[CP] Copy Pods Resources";
			outputFileListPaths = (
				"${PODS_ROOT}/Target Support Files/Pods-ReadLess-ReadLessTests/Pods-ReadLess-ReadLessTests-resources-${CONFIGURATION}-output-files.xcfilelist",
			);
			runOnlyForDeploymentPostprocessing = 0;
			shellPath = /bin/sh;
			shellScript = "\"${PODS_ROOT}/Target Support Files/Pods-ReadLess-ReadLessTests/Pods-ReadLess-ReadLessTests-resources.sh\"\n";
			showEnvVarsInLog = 0;
		};
		FD10A7F022414F080027D42C /* Start Packager */ = {
			isa = PBXShellScriptBuildPhase;
			buildActionMask = 2147483647;
			files = (
			);
			inputFileListPaths = (
			);
			inputPaths = (
			);
			name = "Start Packager";
			outputFileListPaths = (
			);
			outputPaths = (
			);
			runOnlyForDeploymentPostprocessing = 0;
			shellPath = /bin/sh;
			shellScript = "export RCT_METRO_PORT=\"${RCT_METRO_PORT:=8081}\"\necho \"export RCT_METRO_PORT=${RCT_METRO_PORT}\" > \"${SRCROOT}/../node_modules/react-native/scripts/.packager.env\"\nif [ -z \"${RCT_NO_LAUNCH_PACKAGER+xxx}\" ] ; then\n  if nc -w 5 -z localhost ${RCT_METRO_PORT} ; then\n    if ! curl -s \"http://localhost:${RCT_METRO_PORT}/status\" | grep -q \"packager-status:running\" ; then\n      echo \"Port ${RCT_METRO_PORT} already in use, packager is either not running or not running correctly\"\n      exit 2\n    fi\n  else\n    open \"$SRCROOT/../node_modules/react-native/scripts/launchPackager.command\" || echo \"Can't start packager automatically\"\n  fi\nfi\n";
			showEnvVarsInLog = 0;
		};
/* End PBXShellScriptBuildPhase section */

/* Begin PBXSourcesBuildPhase section */
		00E356EA1AD99517003FC87E /* Sources */ = {
			isa = PBXSourcesBuildPhase;
			buildActionMask = 2147483647;
			files = (
				00E356F31AD99517003FC87E /* ReadLessTests.m in Sources */,
				07A1D8E328E1A8A03D5EA3A8 /* ExpoModulesProvider.swift in Sources */,
			);
			runOnlyForDeploymentPostprocessing = 0;
		};
		010F0CDD29E88D470064DD97 /* Sources */ = {
			isa = PBXSourcesBuildPhase;
			buildActionMask = 2147483647;
			files = (
				018173C129EA4529006D3509 /* SummaryCard.swift in Sources */,
				010F0CE629E88D470064DD97 /* ContentView.swift in Sources */,
				018173BF29EA1842006D3509 /* PressActions.swift in Sources */,
				018173C329EA4833006D3509 /* Date.swift in Sources */,
				013F32C329E8BA2E00CE8555 /* ConnectService.swift in Sources */,
				CDEE16532A1BA12200E15B10 /* PublicTranslationAttributes.swift in Sources */,
				018CE3B029E98AB9005E6391 /* BulkResponse.swift in Sources */,
				010F0D8129E89D770064DD97 /* Color.swift in Sources */,
				010F0D5C29E88EC40064DD97 /* PublicOutletAttributes.swift in Sources */,
				010F0CE429E88D470064DD97 /* ReadLessWatchApp.swift in Sources */,
				010F0D5629E88EC40064DD97 /* PublicSummaryAttributes.swift in Sources */,
				015A19D129EAEB1A0072EEE3 /* View.swift in Sources */,
				010F0D5229E88EC40064DD97 /* PublicCategoryAttributes.swift in Sources */,
			);
			runOnlyForDeploymentPostprocessing = 0;
		};
		010F0CEC29E88D490064DD97 /* Sources */ = {
			isa = PBXSourcesBuildPhase;
			buildActionMask = 2147483647;
			files = (
				010F0CF529E88D490064DD97 /* ReadLessWatch_Watch_AppTests.swift in Sources */,
			);
			runOnlyForDeploymentPostprocessing = 0;
		};
		010F0CF629E88D490064DD97 /* Sources */ = {
			isa = PBXSourcesBuildPhase;
			buildActionMask = 2147483647;
			files = (
				010F0CFF29E88D490064DD97 /* ReadLessWatch_Watch_AppUITests.swift in Sources */,
				010F0D0129E88D490064DD97 /* ReadLessWatch_Watch_AppUITestsLaunchTests.swift in Sources */,
			);
			runOnlyForDeploymentPostprocessing = 0;
		};
		13B07F871A680F5B00A75B9A /* Sources */ = {
			isa = PBXSourcesBuildPhase;
			buildActionMask = 2147483647;
			files = (
				13B07FBC1A68108700A75B9A /* AppDelegate.mm in Sources */,
				13B07FC11A68108700A75B9A /* main.m in Sources */,
				5FFC8B3A3B346CCC17615C08 /* ExpoModulesProvider.swift in Sources */,
			);
			runOnlyForDeploymentPostprocessing = 0;
		};
/* End PBXSourcesBuildPhase section */

/* Begin PBXTargetDependency section */
		00E356F51AD99517003FC87E /* PBXTargetDependency */ = {
			isa = PBXTargetDependency;
			target = 13B07F861A680F5B00A75B9A /* ReadLess */;
			targetProxy = 00E356F41AD99517003FC87E /* PBXContainerItemProxy */;
		};
		010F0CF229E88D490064DD97 /* PBXTargetDependency */ = {
			isa = PBXTargetDependency;
			target = 010F0CE029E88D470064DD97 /* ReadLessWatch Watch App */;
			targetProxy = 010F0CF129E88D490064DD97 /* PBXContainerItemProxy */;
		};
		010F0CFC29E88D490064DD97 /* PBXTargetDependency */ = {
			isa = PBXTargetDependency;
			target = 010F0CE029E88D470064DD97 /* ReadLessWatch Watch App */;
			targetProxy = 010F0CFB29E88D490064DD97 /* PBXContainerItemProxy */;
		};
		010F0D0329E88D490064DD97 /* PBXTargetDependency */ = {
			isa = PBXTargetDependency;
			target = 010F0CE029E88D470064DD97 /* ReadLessWatch Watch App */;
			targetProxy = 010F0D0229E88D490064DD97 /* PBXContainerItemProxy */;
		};
/* End PBXTargetDependency section */

/* Begin PBXVariantGroup section */
		CDEE161A2A1B9CCA00E15B10 /* LaunchScreen.storyboard */ = {
			isa = PBXVariantGroup;
			children = (
				CD6CC2102A216147008B82AA /* Base */,
				CD6CC2122A216148008B82AA /* ar */,
				CD6CC2142A216149008B82AA /* zh */,
				CD6CC2162A21614A008B82AA /* zh-HK */,
				CD6CC2182A21614A008B82AA /* zh-Hans */,
				CD6CC21A2A21614B008B82AA /* zh-Hans-CN */,
				CD6CC21C2A21614B008B82AA /* zh-Hant */,
				CD6CC21E2A21614B008B82AA /* zh-Hant-TW */,
				CD6CC2202A21614C008B82AA /* en-AU */,
				CD6CC2222A21614C008B82AA /* en-IN */,
				CD6CC2242A21614D008B82AA /* en-GB */,
				CD6CC2262A21614D008B82AA /* fr */,
				CD6CC2282A21614E008B82AA /* fr-CA */,
				CD6CC22A2A21614E008B82AA /* de */,
				CD6CC22C2A21614E008B82AA /* hu */,
				CD6CC22E2A21614F008B82AA /* it */,
				CD6CC2302A21614F008B82AA /* ja */,
				CD6CC2322A216150008B82AA /* it-IT */,
				CD6CC2342A216151008B82AA /* ko */,
				CD6CC2362A216151008B82AA /* nb */,
				CD6CC2382A216151008B82AA /* pt-BR */,
				CD6CC23A2A216152008B82AA /* pt-PT */,
				CD6CC23C2A216153008B82AA /* ru */,
				CD6CC23E2A216154008B82AA /* es */,
				CD6CC2402A216154008B82AA /* th */,
				CD6CC2422A216154008B82AA /* uk */,
				CD6CC2442A216155008B82AA /* vi */,
				CD6CC2452A21615C008B82AA /* cs */,
				CD6CC2462A216246008B82AA /* tr */,
				CD6CC2472A21625F008B82AA /* hi */,
				CD6CC2482A2162F0008B82AA /* sv */,
				CD6CC2492A21633D008B82AA /* id */,
				CD6CC24A2A216363008B82AA /* ro */,
				CD6CC24B2A21638C008B82AA /* da */,
				CD6CC24C2A2163AE008B82AA /* he */,
				CD6CC24D2A2163F2008B82AA /* hr */,
				CD6CC24E2A216421008B82AA /* nl */,
				CD6CC24F2A21644F008B82AA /* fi */,
				CD6CC2502A216485008B82AA /* el */,
				CD6CC2522A2164D4008B82AA /* pl */,
				CD6CC2542A216535008B82AA /* sk */,
				CD6CC2552A21656C008B82AA /* ca */,
				CD6CC2562A2165AB008B82AA /* ms */,
				CD6CC2572A216641008B82AA /* fa */,
				CD7821782A253DAE00F3B33A /* en */,
			);
			name = LaunchScreen.storyboard;
			path = ReadLess;
			sourceTree = "<group>";
		};
/* End PBXVariantGroup section */

/* Begin XCBuildConfiguration section */
		00E356F61AD99517003FC87E /* Debug */ = {
			isa = XCBuildConfiguration;
			baseConfigurationReference = 5B7EB9410499542E8C5724F5 /* Pods-ReadLess-ReadLessTests.debug.xcconfig */;
			buildSettings = {
				ALWAYS_EMBED_SWIFT_STANDARD_LIBRARIES = YES;
				BUNDLE_LOADER = "$(TEST_HOST)";
				DEVELOPMENT_TEAM = UD23CMJ5W5;
				GCC_PREPROCESSOR_DEFINITIONS = (
					"DEBUG=1",
					"$(inherited)",
				);
				INFOPLIST_FILE = ReadLessTests/Info.plist;
				IPHONEOS_DEPLOYMENT_TARGET = 13.0;
				LD_RUNPATH_SEARCH_PATHS = (
					"$(inherited)",
					"@executable_path/Frameworks",
					"@loader_path/Frameworks",
				);
				OTHER_LDFLAGS = (
					"-ObjC",
					"-lc++",
					"$(inherited)",
				);
				OTHER_SWIFT_FLAGS = "$(inherited) -D EXPO_CONFIGURATION_DEBUG";
				PRODUCT_BUNDLE_IDENTIFIER = "org.reactjs.native.example.$(PRODUCT_NAME:rfc1034identifier)";
				PRODUCT_NAME = "$(TARGET_NAME)";
				TEST_HOST = "$(BUILT_PRODUCTS_DIR)/ReadLess.app/ReadLess";
			};
			name = Debug;
		};
		00E356F71AD99517003FC87E /* Release */ = {
			isa = XCBuildConfiguration;
			baseConfigurationReference = 89C6BE57DB24E9ADA2F236DE /* Pods-ReadLess-ReadLessTests.release.xcconfig */;
			buildSettings = {
				ALWAYS_EMBED_SWIFT_STANDARD_LIBRARIES = YES;
				BUNDLE_LOADER = "$(TEST_HOST)";
				COPY_PHASE_STRIP = NO;
				DEVELOPMENT_TEAM = UD23CMJ5W5;
				INFOPLIST_FILE = ReadLessTests/Info.plist;
				IPHONEOS_DEPLOYMENT_TARGET = 13.0;
				LD_RUNPATH_SEARCH_PATHS = (
					"$(inherited)",
					"@executable_path/Frameworks",
					"@loader_path/Frameworks",
				);
				OTHER_LDFLAGS = (
					"-ObjC",
					"-lc++",
					"$(inherited)",
				);
				OTHER_SWIFT_FLAGS = "$(inherited) -D EXPO_CONFIGURATION_RELEASE";
				PRODUCT_BUNDLE_IDENTIFIER = "org.reactjs.native.example.$(PRODUCT_NAME:rfc1034identifier)";
				PRODUCT_NAME = "$(TARGET_NAME)";
				TEST_HOST = "$(BUILT_PRODUCTS_DIR)/ReadLess.app/ReadLess";
			};
			name = Release;
		};
		010F0D0629E88D490064DD97 /* Debug */ = {
			isa = XCBuildConfiguration;
			buildSettings = {
				ASSETCATALOG_COMPILER_APPICON_NAME = AppIcon;
				ASSETCATALOG_COMPILER_GLOBAL_ACCENT_COLOR_NAME = AccentColor;
				CLANG_ANALYZER_NONNULL = YES;
				CLANG_ANALYZER_NUMBER_OBJECT_CONVERSION = YES_AGGRESSIVE;
				CLANG_CXX_LANGUAGE_STANDARD = "gnu++20";
				CLANG_ENABLE_OBJC_WEAK = YES;
				CLANG_WARN_DOCUMENTATION_COMMENTS = YES;
				CLANG_WARN_UNGUARDED_AVAILABILITY = YES_AGGRESSIVE;
				CODE_SIGN_ENTITLEMENTS = "ReadLessWatch Watch App/ReadLessWatch Watch App.entitlements";
				CODE_SIGN_STYLE = Automatic;
				CURRENT_PROJECT_VERSION = 1;
				DEBUG_INFORMATION_FORMAT = dwarf;
				DEVELOPMENT_ASSET_PATHS = "\"ReadLessWatch Watch App/Preview Content\"";
				DEVELOPMENT_TEAM = UD23CMJ5W5;
				ENABLE_PREVIEWS = YES;
				GCC_C_LANGUAGE_STANDARD = gnu11;
				GENERATE_INFOPLIST_FILE = YES;
				INFOPLIST_FILE = "ReadLessWatch-Watch-App-Info.plist";
				INFOPLIST_KEY_UISupportedInterfaceOrientations = "UIInterfaceOrientationPortrait UIInterfaceOrientationPortraitUpsideDown";
				INFOPLIST_KEY_WKCompanionAppBundleIdentifier = ai.readless.ios;
				LD_RUNPATH_SEARCH_PATHS = (
					"$(inherited)",
					"@executable_path/Frameworks",
				);
				MARKETING_VERSION = 1.0.2;
				MTL_ENABLE_DEBUG_INFO = INCLUDE_SOURCE;
				MTL_FAST_MATH = YES;
				OTHER_SWIFT_FLAGS = "$(inherited) -D EXPO_CONFIGURATION_DEBUG";
				PRODUCT_BUNDLE_IDENTIFIER = ai.readless.ios.watchkitapp;
				PRODUCT_NAME = "Read Less";
				SDKROOT = watchos;
				SKIP_INSTALL = YES;
				SWIFT_ACTIVE_COMPILATION_CONDITIONS = DEBUG;
				SWIFT_EMIT_LOC_STRINGS = YES;
				SWIFT_OPTIMIZATION_LEVEL = "-Onone";
				SWIFT_VERSION = 5.0;
				TARGETED_DEVICE_FAMILY = 4;
				WATCHOS_DEPLOYMENT_TARGET = 8.0;
			};
			name = Debug;
		};
		010F0D0729E88D490064DD97 /* Release */ = {
			isa = XCBuildConfiguration;
			buildSettings = {
				ASSETCATALOG_COMPILER_APPICON_NAME = AppIcon;
				ASSETCATALOG_COMPILER_GLOBAL_ACCENT_COLOR_NAME = AccentColor;
				CLANG_ANALYZER_NONNULL = YES;
				CLANG_ANALYZER_NUMBER_OBJECT_CONVERSION = YES_AGGRESSIVE;
				CLANG_CXX_LANGUAGE_STANDARD = "gnu++20";
				CLANG_ENABLE_OBJC_WEAK = YES;
				CLANG_WARN_DOCUMENTATION_COMMENTS = YES;
				CLANG_WARN_UNGUARDED_AVAILABILITY = YES_AGGRESSIVE;
				CODE_SIGN_ENTITLEMENTS = "ReadLessWatch Watch App/ReadLessWatch Watch App.entitlements";
				CODE_SIGN_STYLE = Automatic;
				COPY_PHASE_STRIP = NO;
				CURRENT_PROJECT_VERSION = 1;
				DEBUG_INFORMATION_FORMAT = "dwarf-with-dsym";
				DEVELOPMENT_ASSET_PATHS = "\"ReadLessWatch Watch App/Preview Content\"";
				DEVELOPMENT_TEAM = UD23CMJ5W5;
				ENABLE_PREVIEWS = YES;
				GCC_C_LANGUAGE_STANDARD = gnu11;
				GENERATE_INFOPLIST_FILE = YES;
				INFOPLIST_FILE = "ReadLessWatch-Watch-App-Info.plist";
				INFOPLIST_KEY_UISupportedInterfaceOrientations = "UIInterfaceOrientationPortrait UIInterfaceOrientationPortraitUpsideDown";
				INFOPLIST_KEY_WKCompanionAppBundleIdentifier = ai.readless.ios;
				LD_RUNPATH_SEARCH_PATHS = (
					"$(inherited)",
					"@executable_path/Frameworks",
				);
				MARKETING_VERSION = 1.0.2;
				MTL_FAST_MATH = YES;
				OTHER_SWIFT_FLAGS = "$(inherited) -D EXPO_CONFIGURATION_RELEASE";
				PRODUCT_BUNDLE_IDENTIFIER = ai.readless.ios.watchkitapp;
				PRODUCT_NAME = "Read Less";
				SDKROOT = watchos;
				SKIP_INSTALL = YES;
				SWIFT_EMIT_LOC_STRINGS = YES;
				SWIFT_OPTIMIZATION_LEVEL = "-O";
				SWIFT_VERSION = 5.0;
				TARGETED_DEVICE_FAMILY = 4;
				WATCHOS_DEPLOYMENT_TARGET = 8.0;
			};
			name = Release;
		};
		010F0D0929E88D490064DD97 /* Debug */ = {
			isa = XCBuildConfiguration;
			buildSettings = {
				ALWAYS_EMBED_SWIFT_STANDARD_LIBRARIES = YES;
				BUNDLE_LOADER = "$(TEST_HOST)";
				CLANG_ANALYZER_NONNULL = YES;
				CLANG_ANALYZER_NUMBER_OBJECT_CONVERSION = YES_AGGRESSIVE;
				CLANG_CXX_LANGUAGE_STANDARD = "gnu++20";
				CLANG_ENABLE_OBJC_WEAK = YES;
				CLANG_WARN_DOCUMENTATION_COMMENTS = YES;
				CLANG_WARN_UNGUARDED_AVAILABILITY = YES_AGGRESSIVE;
				CODE_SIGN_STYLE = Automatic;
				CURRENT_PROJECT_VERSION = 1;
				DEBUG_INFORMATION_FORMAT = dwarf;
				DEVELOPMENT_TEAM = UD23CMJ5W5;
				GCC_C_LANGUAGE_STANDARD = gnu11;
				GENERATE_INFOPLIST_FILE = YES;
				MARKETING_VERSION = 1.0;
				MTL_ENABLE_DEBUG_INFO = INCLUDE_SOURCE;
				MTL_FAST_MATH = YES;
				OTHER_SWIFT_FLAGS = "$(inherited) -D EXPO_CONFIGURATION_DEBUG";
				PRODUCT_BUNDLE_IDENTIFIER = "com.readless.ReadLessWatch-Watch-AppTests";
				PRODUCT_NAME = "$(TARGET_NAME)";
				SDKROOT = watchos;
				SWIFT_ACTIVE_COMPILATION_CONDITIONS = DEBUG;
				SWIFT_EMIT_LOC_STRINGS = NO;
				SWIFT_OPTIMIZATION_LEVEL = "-Onone";
				SWIFT_VERSION = 5.0;
				TARGETED_DEVICE_FAMILY = 4;
				TEST_HOST = "$(BUILT_PRODUCTS_DIR)/ReadLessWatch Watch App.app/$(BUNDLE_EXECUTABLE_FOLDER_PATH)/ReadLessWatch Watch App";
				WATCHOS_DEPLOYMENT_TARGET = 8.0;
			};
			name = Debug;
		};
		010F0D0A29E88D490064DD97 /* Release */ = {
			isa = XCBuildConfiguration;
			buildSettings = {
				ALWAYS_EMBED_SWIFT_STANDARD_LIBRARIES = YES;
				BUNDLE_LOADER = "$(TEST_HOST)";
				CLANG_ANALYZER_NONNULL = YES;
				CLANG_ANALYZER_NUMBER_OBJECT_CONVERSION = YES_AGGRESSIVE;
				CLANG_CXX_LANGUAGE_STANDARD = "gnu++20";
				CLANG_ENABLE_OBJC_WEAK = YES;
				CLANG_WARN_DOCUMENTATION_COMMENTS = YES;
				CLANG_WARN_UNGUARDED_AVAILABILITY = YES_AGGRESSIVE;
				CODE_SIGN_STYLE = Automatic;
				COPY_PHASE_STRIP = NO;
				CURRENT_PROJECT_VERSION = 1;
				DEBUG_INFORMATION_FORMAT = "dwarf-with-dsym";
				DEVELOPMENT_TEAM = UD23CMJ5W5;
				GCC_C_LANGUAGE_STANDARD = gnu11;
				GENERATE_INFOPLIST_FILE = YES;
				MARKETING_VERSION = 1.0;
				MTL_FAST_MATH = YES;
				OTHER_SWIFT_FLAGS = "$(inherited) -D EXPO_CONFIGURATION_RELEASE";
				PRODUCT_BUNDLE_IDENTIFIER = "com.readless.ReadLessWatch-Watch-AppTests";
				PRODUCT_NAME = "$(TARGET_NAME)";
				SDKROOT = watchos;
				SWIFT_EMIT_LOC_STRINGS = NO;
				SWIFT_OPTIMIZATION_LEVEL = "-O";
				SWIFT_VERSION = 5.0;
				TARGETED_DEVICE_FAMILY = 4;
				TEST_HOST = "$(BUILT_PRODUCTS_DIR)/ReadLessWatch Watch App.app/$(BUNDLE_EXECUTABLE_FOLDER_PATH)/ReadLessWatch Watch App";
				WATCHOS_DEPLOYMENT_TARGET = 8.0;
			};
			name = Release;
		};
		010F0D0C29E88D490064DD97 /* Debug */ = {
			isa = XCBuildConfiguration;
			buildSettings = {
				ALWAYS_EMBED_SWIFT_STANDARD_LIBRARIES = YES;
				CLANG_ANALYZER_NONNULL = YES;
				CLANG_ANALYZER_NUMBER_OBJECT_CONVERSION = YES_AGGRESSIVE;
				CLANG_CXX_LANGUAGE_STANDARD = "gnu++20";
				CLANG_ENABLE_OBJC_WEAK = YES;
				CLANG_WARN_DOCUMENTATION_COMMENTS = YES;
				CLANG_WARN_UNGUARDED_AVAILABILITY = YES_AGGRESSIVE;
				CODE_SIGN_STYLE = Automatic;
				CURRENT_PROJECT_VERSION = 1;
				DEBUG_INFORMATION_FORMAT = dwarf;
				DEVELOPMENT_TEAM = UD23CMJ5W5;
				GCC_C_LANGUAGE_STANDARD = gnu11;
				GENERATE_INFOPLIST_FILE = YES;
				MARKETING_VERSION = 1.0;
				MTL_ENABLE_DEBUG_INFO = INCLUDE_SOURCE;
				MTL_FAST_MATH = YES;
				OTHER_SWIFT_FLAGS = "$(inherited) -D EXPO_CONFIGURATION_DEBUG";
				PRODUCT_BUNDLE_IDENTIFIER = "com.readless.ReadLessWatch-Watch-AppUITests";
				PRODUCT_NAME = "$(TARGET_NAME)";
				SDKROOT = watchos;
				SWIFT_ACTIVE_COMPILATION_CONDITIONS = DEBUG;
				SWIFT_EMIT_LOC_STRINGS = NO;
				SWIFT_OPTIMIZATION_LEVEL = "-Onone";
				SWIFT_VERSION = 5.0;
				TARGETED_DEVICE_FAMILY = 4;
				TEST_TARGET_NAME = "ReadLessWatch Watch App";
				WATCHOS_DEPLOYMENT_TARGET = 8.0;
			};
			name = Debug;
		};
		010F0D0D29E88D490064DD97 /* Release */ = {
			isa = XCBuildConfiguration;
			buildSettings = {
				ALWAYS_EMBED_SWIFT_STANDARD_LIBRARIES = YES;
				CLANG_ANALYZER_NONNULL = YES;
				CLANG_ANALYZER_NUMBER_OBJECT_CONVERSION = YES_AGGRESSIVE;
				CLANG_CXX_LANGUAGE_STANDARD = "gnu++20";
				CLANG_ENABLE_OBJC_WEAK = YES;
				CLANG_WARN_DOCUMENTATION_COMMENTS = YES;
				CLANG_WARN_UNGUARDED_AVAILABILITY = YES_AGGRESSIVE;
				CODE_SIGN_STYLE = Automatic;
				COPY_PHASE_STRIP = NO;
				CURRENT_PROJECT_VERSION = 1;
				DEBUG_INFORMATION_FORMAT = "dwarf-with-dsym";
				DEVELOPMENT_TEAM = UD23CMJ5W5;
				GCC_C_LANGUAGE_STANDARD = gnu11;
				GENERATE_INFOPLIST_FILE = YES;
				MARKETING_VERSION = 1.0;
				MTL_FAST_MATH = YES;
				OTHER_SWIFT_FLAGS = "$(inherited) -D EXPO_CONFIGURATION_RELEASE";
				PRODUCT_BUNDLE_IDENTIFIER = "com.readless.ReadLessWatch-Watch-AppUITests";
				PRODUCT_NAME = "$(TARGET_NAME)";
				SDKROOT = watchos;
				SWIFT_EMIT_LOC_STRINGS = NO;
				SWIFT_OPTIMIZATION_LEVEL = "-O";
				SWIFT_VERSION = 5.0;
				TARGETED_DEVICE_FAMILY = 4;
				TEST_TARGET_NAME = "ReadLessWatch Watch App";
				WATCHOS_DEPLOYMENT_TARGET = 8.0;
			};
			name = Release;
		};
		13B07F941A680F5B00A75B9A /* Debug */ = {
			isa = XCBuildConfiguration;
			baseConfigurationReference = 3B4392A12AC88292D35C810B /* Pods-ReadLess.debug.xcconfig */;
			buildSettings = {
				ALWAYS_EMBED_SWIFT_STANDARD_LIBRARIES = YES;
				ASSETCATALOG_COMPILER_APPICON_NAME = AppIcon;
				CLANG_ENABLE_MODULES = YES;
				CODE_SIGN_ENTITLEMENTS = ReadLess/ReadLess.entitlements;
				CURRENT_PROJECT_VERSION = 1;
				DEVELOPMENT_TEAM = UD23CMJ5W5;
				ENABLE_BITCODE = NO;
				INFOPLIST_FILE = ReadLess/Info.plist;
				INFOPLIST_KEY_CFBundleDisplayName = "Read Less";
				INFOPLIST_KEY_LSApplicationCategoryType = "public.app-category.magazines-and-newspapers";
				LD_RUNPATH_SEARCH_PATHS = (
					"$(inherited)",
					"@executable_path/Frameworks",
				);
				MARKETING_VERSION = 1.7.9;
				OTHER_LDFLAGS = (
					"$(inherited)",
					"-ObjC",
					"-lc++",
				);
				OTHER_SWIFT_FLAGS = "$(inherited) -D EXPO_CONFIGURATION_DEBUG";
				PRODUCT_BUNDLE_IDENTIFIER = ai.readless.ios;
				PRODUCT_NAME = ReadLess;
				SUPPORTED_PLATFORMS = "iphoneos iphonesimulator";
				SUPPORTS_MACCATALYST = NO;
				SUPPORTS_MAC_DESIGNED_FOR_IPHONE_IPAD = YES;
				SWIFT_OPTIMIZATION_LEVEL = "-Onone";
				SWIFT_VERSION = 5.0;
				TARGETED_DEVICE_FAMILY = "1,2";
				USER_HEADER_SEARCH_PATHS = (
					"$(SRCROOT)/../node_modules/ReadLess/ios",
					"$(inherited)",
				);
				VERSIONING_SYSTEM = "apple-generic";
			};
			name = Debug;
		};
		13B07F951A680F5B00A75B9A /* Release */ = {
			isa = XCBuildConfiguration;
			baseConfigurationReference = 5709B34CF0A7D63546082F79 /* Pods-ReadLess.release.xcconfig */;
			buildSettings = {
				ALWAYS_EMBED_SWIFT_STANDARD_LIBRARIES = YES;
				ASSETCATALOG_COMPILER_APPICON_NAME = AppIcon;
				CLANG_ENABLE_MODULES = YES;
				CODE_SIGN_ENTITLEMENTS = ReadLess/ReadLess.entitlements;
				CURRENT_PROJECT_VERSION = 1;
				DEVELOPMENT_TEAM = UD23CMJ5W5;
				INFOPLIST_FILE = ReadLess/Info.plist;
				INFOPLIST_KEY_CFBundleDisplayName = "Read Less";
				INFOPLIST_KEY_LSApplicationCategoryType = "public.app-category.magazines-and-newspapers";
				LD_RUNPATH_SEARCH_PATHS = (
					"$(inherited)",
					"@executable_path/Frameworks",
				);
				MARKETING_VERSION = 1.7.9;
				OTHER_LDFLAGS = (
					"$(inherited)",
					"-ObjC",
					"-lc++",
				);
				OTHER_SWIFT_FLAGS = "$(inherited) -D EXPO_CONFIGURATION_RELEASE";
				PRODUCT_BUNDLE_IDENTIFIER = ai.readless.ios;
				PRODUCT_NAME = ReadLess;
				SUPPORTED_PLATFORMS = "iphoneos iphonesimulator";
				SUPPORTS_MACCATALYST = NO;
				SUPPORTS_MAC_DESIGNED_FOR_IPHONE_IPAD = YES;
				SWIFT_VERSION = 5.0;
				TARGETED_DEVICE_FAMILY = "1,2";
				USER_HEADER_SEARCH_PATHS = (
					"$(SRCROOT)/../node_modules/ReadLess/ios",
					"$(inherited)",
				);
				VERSIONING_SYSTEM = "apple-generic";
			};
			name = Release;
		};
		83CBBA201A601CBA00E9B192 /* Debug */ = {
			isa = XCBuildConfiguration;
			buildSettings = {
				ALWAYS_SEARCH_USER_PATHS = NO;
				CLANG_ANALYZER_LOCALIZABILITY_NONLOCALIZED = YES;
				CLANG_CXX_LANGUAGE_STANDARD = "c++17";
				CLANG_CXX_LIBRARY = "libc++";
				CLANG_ENABLE_MODULES = YES;
				CLANG_ENABLE_OBJC_ARC = YES;
				CLANG_WARN_BLOCK_CAPTURE_AUTORELEASING = YES;
				CLANG_WARN_BOOL_CONVERSION = YES;
				CLANG_WARN_COMMA = YES;
				CLANG_WARN_CONSTANT_CONVERSION = YES;
				CLANG_WARN_DEPRECATED_OBJC_IMPLEMENTATIONS = YES;
				CLANG_WARN_DIRECT_OBJC_ISA_USAGE = YES_ERROR;
				CLANG_WARN_EMPTY_BODY = YES;
				CLANG_WARN_ENUM_CONVERSION = YES;
				CLANG_WARN_INFINITE_RECURSION = YES;
				CLANG_WARN_INT_CONVERSION = YES;
				CLANG_WARN_NON_LITERAL_NULL_CONVERSION = YES;
				CLANG_WARN_OBJC_IMPLICIT_RETAIN_SELF = YES;
				CLANG_WARN_OBJC_LITERAL_CONVERSION = YES;
				CLANG_WARN_OBJC_ROOT_CLASS = YES_ERROR;
				CLANG_WARN_QUOTED_INCLUDE_IN_FRAMEWORK_HEADER = YES;
				CLANG_WARN_RANGE_LOOP_ANALYSIS = YES;
				CLANG_WARN_STRICT_PROTOTYPES = YES;
				CLANG_WARN_SUSPICIOUS_MOVE = YES;
				CLANG_WARN_UNREACHABLE_CODE = YES;
				CLANG_WARN__DUPLICATE_METHOD_MATCH = YES;
				"CODE_SIGN_IDENTITY[sdk=iphoneos*]" = "iPhone Developer";
				COPY_PHASE_STRIP = NO;
				ENABLE_STRICT_OBJC_MSGSEND = YES;
				ENABLE_TESTABILITY = YES;
				"EXCLUDED_ARCHS[sdk=iphonesimulator*]" = i386;
				GCC_C_LANGUAGE_STANDARD = gnu99;
				GCC_DYNAMIC_NO_PIC = NO;
				GCC_NO_COMMON_BLOCKS = YES;
				GCC_OPTIMIZATION_LEVEL = 0;
				GCC_PREPROCESSOR_DEFINITIONS = (
					"DEBUG=1",
					"$(inherited)",
				);
				GCC_SYMBOLS_PRIVATE_EXTERN = NO;
				GCC_WARN_64_TO_32_BIT_CONVERSION = YES;
				GCC_WARN_ABOUT_RETURN_TYPE = YES_ERROR;
				GCC_WARN_UNDECLARED_SELECTOR = YES;
				GCC_WARN_UNINITIALIZED_AUTOS = YES_AGGRESSIVE;
				GCC_WARN_UNUSED_FUNCTION = YES;
				GCC_WARN_UNUSED_VARIABLE = YES;
				IPHONEOS_DEPLOYMENT_TARGET = 13.0;
				LD_RUNPATH_SEARCH_PATHS = (
					/usr/lib/swift,
					"$(inherited)",
				);
				LIBRARY_SEARCH_PATHS = (
					"\"$(SDKROOT)/usr/lib/swift\"",
					"\"$(TOOLCHAIN_DIR)/usr/lib/swift/$(PLATFORM_NAME)\"",
					"\"$(inherited)\"",
				);
				MTL_ENABLE_DEBUG_INFO = YES;
				ONLY_ACTIVE_ARCH = YES;
				OTHER_CPLUSPLUSFLAGS = (
					"$(OTHER_CFLAGS)",
					"-DFOLLY_NO_CONFIG",
					"-DFOLLY_MOBILE=1",
					"-DFOLLY_USE_LIBCPP=1",
				);
				REACT_NATIVE_PATH = "${PODS_ROOT}/../../node_modules/react-native";
				SDKROOT = iphoneos;
			};
			name = Debug;
		};
		83CBBA211A601CBA00E9B192 /* Release */ = {
			isa = XCBuildConfiguration;
			buildSettings = {
				ALWAYS_SEARCH_USER_PATHS = NO;
				CLANG_ANALYZER_LOCALIZABILITY_NONLOCALIZED = YES;
				CLANG_CXX_LANGUAGE_STANDARD = "c++17";
				CLANG_CXX_LIBRARY = "libc++";
				CLANG_ENABLE_MODULES = YES;
				CLANG_ENABLE_OBJC_ARC = YES;
				CLANG_WARN_BLOCK_CAPTURE_AUTORELEASING = YES;
				CLANG_WARN_BOOL_CONVERSION = YES;
				CLANG_WARN_COMMA = YES;
				CLANG_WARN_CONSTANT_CONVERSION = YES;
				CLANG_WARN_DEPRECATED_OBJC_IMPLEMENTATIONS = YES;
				CLANG_WARN_DIRECT_OBJC_ISA_USAGE = YES_ERROR;
				CLANG_WARN_EMPTY_BODY = YES;
				CLANG_WARN_ENUM_CONVERSION = YES;
				CLANG_WARN_INFINITE_RECURSION = YES;
				CLANG_WARN_INT_CONVERSION = YES;
				CLANG_WARN_NON_LITERAL_NULL_CONVERSION = YES;
				CLANG_WARN_OBJC_IMPLICIT_RETAIN_SELF = YES;
				CLANG_WARN_OBJC_LITERAL_CONVERSION = YES;
				CLANG_WARN_OBJC_ROOT_CLASS = YES_ERROR;
				CLANG_WARN_QUOTED_INCLUDE_IN_FRAMEWORK_HEADER = YES;
				CLANG_WARN_RANGE_LOOP_ANALYSIS = YES;
				CLANG_WARN_STRICT_PROTOTYPES = YES;
				CLANG_WARN_SUSPICIOUS_MOVE = YES;
				CLANG_WARN_UNREACHABLE_CODE = YES;
				CLANG_WARN__DUPLICATE_METHOD_MATCH = YES;
				"CODE_SIGN_IDENTITY[sdk=iphoneos*]" = "iPhone Developer";
				COPY_PHASE_STRIP = YES;
				ENABLE_NS_ASSERTIONS = NO;
				ENABLE_STRICT_OBJC_MSGSEND = YES;
				"EXCLUDED_ARCHS[sdk=iphonesimulator*]" = i386;
				GCC_C_LANGUAGE_STANDARD = gnu99;
				GCC_NO_COMMON_BLOCKS = YES;
				GCC_WARN_64_TO_32_BIT_CONVERSION = YES;
				GCC_WARN_ABOUT_RETURN_TYPE = YES_ERROR;
				GCC_WARN_UNDECLARED_SELECTOR = YES;
				GCC_WARN_UNINITIALIZED_AUTOS = YES_AGGRESSIVE;
				GCC_WARN_UNUSED_FUNCTION = YES;
				GCC_WARN_UNUSED_VARIABLE = YES;
				IPHONEOS_DEPLOYMENT_TARGET = 13.0;
				LD_RUNPATH_SEARCH_PATHS = (
					/usr/lib/swift,
					"$(inherited)",
				);
				LIBRARY_SEARCH_PATHS = (
					"\"$(SDKROOT)/usr/lib/swift\"",
					"\"$(TOOLCHAIN_DIR)/usr/lib/swift/$(PLATFORM_NAME)\"",
					"\"$(inherited)\"",
				);
				MTL_ENABLE_DEBUG_INFO = NO;
				OTHER_CPLUSPLUSFLAGS = (
					"$(OTHER_CFLAGS)",
					"-DFOLLY_NO_CONFIG",
					"-DFOLLY_MOBILE=1",
					"-DFOLLY_USE_LIBCPP=1",
				);
				REACT_NATIVE_PATH = "${PODS_ROOT}/../../node_modules/react-native";
				SDKROOT = iphoneos;
				SWIFT_COMPILATION_MODE = wholemodule;
				VALIDATE_PRODUCT = YES;
			};
			name = Release;
		};
/* End XCBuildConfiguration section */

/* Begin XCConfigurationList section */
		00E357021AD99517003FC87E /* Build configuration list for PBXNativeTarget "ReadLessTests" */ = {
			isa = XCConfigurationList;
			buildConfigurations = (
				00E356F61AD99517003FC87E /* Debug */,
				00E356F71AD99517003FC87E /* Release */,
			);
			defaultConfigurationIsVisible = 0;
			defaultConfigurationName = Release;
		};
		010F0D0529E88D490064DD97 /* Build configuration list for PBXNativeTarget "ReadLessWatch Watch App" */ = {
			isa = XCConfigurationList;
			buildConfigurations = (
				010F0D0629E88D490064DD97 /* Debug */,
				010F0D0729E88D490064DD97 /* Release */,
			);
			defaultConfigurationIsVisible = 0;
			defaultConfigurationName = Release;
		};
		010F0D0829E88D490064DD97 /* Build configuration list for PBXNativeTarget "ReadLessWatch Watch AppTests" */ = {
			isa = XCConfigurationList;
			buildConfigurations = (
				010F0D0929E88D490064DD97 /* Debug */,
				010F0D0A29E88D490064DD97 /* Release */,
			);
			defaultConfigurationIsVisible = 0;
			defaultConfigurationName = Release;
		};
		010F0D0B29E88D490064DD97 /* Build configuration list for PBXNativeTarget "ReadLessWatch Watch AppUITests" */ = {
			isa = XCConfigurationList;
			buildConfigurations = (
				010F0D0C29E88D490064DD97 /* Debug */,
				010F0D0D29E88D490064DD97 /* Release */,
			);
			defaultConfigurationIsVisible = 0;
			defaultConfigurationName = Release;
		};
		13B07F931A680F5B00A75B9A /* Build configuration list for PBXNativeTarget "ReadLess" */ = {
			isa = XCConfigurationList;
			buildConfigurations = (
				13B07F941A680F5B00A75B9A /* Debug */,
				13B07F951A680F5B00A75B9A /* Release */,
			);
			defaultConfigurationIsVisible = 0;
			defaultConfigurationName = Release;
		};
		83CBB9FA1A601CBA00E9B192 /* Build configuration list for PBXProject "ReadLess" */ = {
			isa = XCConfigurationList;
			buildConfigurations = (
				83CBBA201A601CBA00E9B192 /* Debug */,
				83CBBA211A601CBA00E9B192 /* Release */,
			);
			defaultConfigurationIsVisible = 0;
			defaultConfigurationName = Release;
		};
/* End XCConfigurationList section */
	};
	rootObject = 83CBB9F71A601CBA00E9B192 /* Project object */;
}
